// !$*UTF8*$!
{
	archiveVersion = 1;
	classes = {
	};
	objectVersion = 46;
	objects = {

/* Begin PBXBuildFile section */
		988189DB1D7B516000E405E2 /* AppDelegate.swift in Sources */ = {isa = PBXBuildFile; fileRef = 988189DA1D7B516000E405E2 /* AppDelegate.swift */; };
		988189E01D7B516000E405E2 /* Main.storyboard in Resources */ = {isa = PBXBuildFile; fileRef = 988189DE1D7B516000E405E2 /* Main.storyboard */; };
		988189E21D7B516000E405E2 /* Assets.xcassets in Resources */ = {isa = PBXBuildFile; fileRef = 988189E11D7B516000E405E2 /* Assets.xcassets */; };
		988189E51D7B516000E405E2 /* LaunchScreen.storyboard in Resources */ = {isa = PBXBuildFile; fileRef = 988189E31D7B516000E405E2 /* LaunchScreen.storyboard */; };
		988189EF1D7CFF7400E405E2 /* LoginTextField.swift in Sources */ = {isa = PBXBuildFile; fileRef = 988189EE1D7CFF7400E405E2 /* LoginTextField.swift */; };
		988189F11D7D012000E405E2 /* LoginViewController.swift in Sources */ = {isa = PBXBuildFile; fileRef = 988189F01D7D012000E405E2 /* LoginViewController.swift */; };
		988189F51D7D04AB00E405E2 /* RegistrationViewController.swift in Sources */ = {isa = PBXBuildFile; fileRef = 988189F41D7D04AB00E405E2 /* RegistrationViewController.swift */; };
		988189F81D7D083900E405E2 /* CoreDataStack.swift in Sources */ = {isa = PBXBuildFile; fileRef = 988189F71D7D083900E405E2 /* CoreDataStack.swift */; };
		988189FD1D7D08BF00E405E2 /* Model.xcdatamodeld in Sources */ = {isa = PBXBuildFile; fileRef = 988189FB1D7D08BF00E405E2 /* Model.xcdatamodeld */; };
		988189FF1D7D0A1600E405E2 /* BaseClient.swift in Sources */ = {isa = PBXBuildFile; fileRef = 988189FE1D7D0A1600E405E2 /* BaseClient.swift */; };
		98818A011D7D0A2900E405E2 /* ClientsConstants.swift in Sources */ = {isa = PBXBuildFile; fileRef = 98818A001D7D0A2900E405E2 /* ClientsConstants.swift */; };
		98818A041D7D0A4E00E405E2 /* KinveyClient.swift in Sources */ = {isa = PBXBuildFile; fileRef = 98818A031D7D0A4E00E405E2 /* KinveyClient.swift */; };
		98818A061D7D0A5800E405E2 /* KinveyResources.swift in Sources */ = {isa = PBXBuildFile; fileRef = 98818A051D7D0A5800E405E2 /* KinveyResources.swift */; };
		98818A101D7D4E8100E405E2 /* Meal+CoreDataProperties.swift in Sources */ = {isa = PBXBuildFile; fileRef = 98818A0E1D7D4E8100E405E2 /* Meal+CoreDataProperties.swift */; };
		98818A111D7D4E8100E405E2 /* Meal.swift in Sources */ = {isa = PBXBuildFile; fileRef = 98818A0F1D7D4E8100E405E2 /* Meal.swift */; };
		98818A131D7D545200E405E2 /* NotificationCenter.swift in Sources */ = {isa = PBXBuildFile; fileRef = 98818A121D7D545200E405E2 /* NotificationCenter.swift */; };
		98818A151D7D56E700E405E2 /* DietyTabViewController.swift in Sources */ = {isa = PBXBuildFile; fileRef = 98818A141D7D56E700E405E2 /* DietyTabViewController.swift */; };
		98818A171D7E1FB400E405E2 /* DashboardViewController.swift in Sources */ = {isa = PBXBuildFile; fileRef = 98818A161D7E1FB400E405E2 /* DashboardViewController.swift */; };
		98818A191D7E1FF800E405E2 /* MealsTableViewController.swift in Sources */ = {isa = PBXBuildFile; fileRef = 98818A181D7E1FF800E405E2 /* MealsTableViewController.swift */; };
		98818A1B1D7E4AE900E405E2 /* AppConstants.swift in Sources */ = {isa = PBXBuildFile; fileRef = 98818A1A1D7E4AE900E405E2 /* AppConstants.swift */; };
		98818A1D1D7E50A700E405E2 /* AddMealViewController.swift in Sources */ = {isa = PBXBuildFile; fileRef = 98818A1C1D7E50A700E405E2 /* AddMealViewController.swift */; };
		98818A1F1D7E50E700E405E2 /* MealsDetailTableViewController.swift in Sources */ = {isa = PBXBuildFile; fileRef = 98818A1E1D7E50E700E405E2 /* MealsDetailTableViewController.swift */; };
		98818A211D7E67A200E405E2 /* CoreDataTableViewController.swift in Sources */ = {isa = PBXBuildFile; fileRef = 98818A201D7E67A200E405E2 /* CoreDataTableViewController.swift */; };
/* End PBXBuildFile section */

/* Begin PBXFileReference section */
		988189D71D7B516000E405E2 /* Diety.app */ = {isa = PBXFileReference; explicitFileType = wrapper.application; includeInIndex = 0; path = Diety.app; sourceTree = BUILT_PRODUCTS_DIR; };
		988189DA1D7B516000E405E2 /* AppDelegate.swift */ = {isa = PBXFileReference; lastKnownFileType = sourcecode.swift; path = AppDelegate.swift; sourceTree = "<group>"; };
		988189DF1D7B516000E405E2 /* Base */ = {isa = PBXFileReference; lastKnownFileType = file.storyboard; name = Base; path = Base.lproj/Main.storyboard; sourceTree = "<group>"; };
		988189E11D7B516000E405E2 /* Assets.xcassets */ = {isa = PBXFileReference; lastKnownFileType = folder.assetcatalog; path = Assets.xcassets; sourceTree = "<group>"; };
		988189E41D7B516000E405E2 /* Base */ = {isa = PBXFileReference; lastKnownFileType = file.storyboard; name = Base; path = Base.lproj/LaunchScreen.storyboard; sourceTree = "<group>"; };
		988189E61D7B516000E405E2 /* Info.plist */ = {isa = PBXFileReference; lastKnownFileType = text.plist.xml; path = Info.plist; sourceTree = "<group>"; };
		988189EE1D7CFF7400E405E2 /* LoginTextField.swift */ = {isa = PBXFileReference; fileEncoding = 4; lastKnownFileType = sourcecode.swift; path = LoginTextField.swift; sourceTree = "<group>"; };
		988189F01D7D012000E405E2 /* LoginViewController.swift */ = {isa = PBXFileReference; fileEncoding = 4; lastKnownFileType = sourcecode.swift; path = LoginViewController.swift; sourceTree = "<group>"; };
		988189F41D7D04AB00E405E2 /* RegistrationViewController.swift */ = {isa = PBXFileReference; fileEncoding = 4; lastKnownFileType = sourcecode.swift; path = RegistrationViewController.swift; sourceTree = "<group>"; };
		988189F71D7D083900E405E2 /* CoreDataStack.swift */ = {isa = PBXFileReference; fileEncoding = 4; lastKnownFileType = sourcecode.swift; path = CoreDataStack.swift; sourceTree = "<group>"; };
		988189FC1D7D08BF00E405E2 /* Model.xcdatamodel */ = {isa = PBXFileReference; lastKnownFileType = wrapper.xcdatamodel; path = Model.xcdatamodel; sourceTree = "<group>"; };
		988189FE1D7D0A1600E405E2 /* BaseClient.swift */ = {isa = PBXFileReference; fileEncoding = 4; lastKnownFileType = sourcecode.swift; path = BaseClient.swift; sourceTree = "<group>"; };
		98818A001D7D0A2900E405E2 /* ClientsConstants.swift */ = {isa = PBXFileReference; fileEncoding = 4; lastKnownFileType = sourcecode.swift; path = ClientsConstants.swift; sourceTree = "<group>"; };
		98818A031D7D0A4E00E405E2 /* KinveyClient.swift */ = {isa = PBXFileReference; fileEncoding = 4; lastKnownFileType = sourcecode.swift; path = KinveyClient.swift; sourceTree = "<group>"; };
		98818A051D7D0A5800E405E2 /* KinveyResources.swift */ = {isa = PBXFileReference; fileEncoding = 4; lastKnownFileType = sourcecode.swift; path = KinveyResources.swift; sourceTree = "<group>"; };
		98818A0E1D7D4E8100E405E2 /* Meal+CoreDataProperties.swift */ = {isa = PBXFileReference; fileEncoding = 4; lastKnownFileType = sourcecode.swift; path = "Meal+CoreDataProperties.swift"; sourceTree = "<group>"; };
		98818A0F1D7D4E8100E405E2 /* Meal.swift */ = {isa = PBXFileReference; fileEncoding = 4; lastKnownFileType = sourcecode.swift; path = Meal.swift; sourceTree = "<group>"; };
		98818A121D7D545200E405E2 /* NotificationCenter.swift */ = {isa = PBXFileReference; fileEncoding = 4; lastKnownFileType = sourcecode.swift; path = NotificationCenter.swift; sourceTree = "<group>"; };
		98818A141D7D56E700E405E2 /* DietyTabViewController.swift */ = {isa = PBXFileReference; fileEncoding = 4; lastKnownFileType = sourcecode.swift; path = DietyTabViewController.swift; sourceTree = "<group>"; };
		98818A161D7E1FB400E405E2 /* DashboardViewController.swift */ = {isa = PBXFileReference; fileEncoding = 4; lastKnownFileType = sourcecode.swift; path = DashboardViewController.swift; sourceTree = "<group>"; };
		98818A181D7E1FF800E405E2 /* MealsTableViewController.swift */ = {isa = PBXFileReference; fileEncoding = 4; lastKnownFileType = sourcecode.swift; path = MealsTableViewController.swift; sourceTree = "<group>"; };
		98818A1A1D7E4AE900E405E2 /* AppConstants.swift */ = {isa = PBXFileReference; fileEncoding = 4; lastKnownFileType = sourcecode.swift; path = AppConstants.swift; sourceTree = "<group>"; };
		98818A1C1D7E50A700E405E2 /* AddMealViewController.swift */ = {isa = PBXFileReference; fileEncoding = 4; lastKnownFileType = sourcecode.swift; path = AddMealViewController.swift; sourceTree = "<group>"; };
		98818A1E1D7E50E700E405E2 /* MealsDetailTableViewController.swift */ = {isa = PBXFileReference; fileEncoding = 4; lastKnownFileType = sourcecode.swift; path = MealsDetailTableViewController.swift; sourceTree = "<group>"; };
		98818A201D7E67A200E405E2 /* CoreDataTableViewController.swift */ = {isa = PBXFileReference; fileEncoding = 4; lastKnownFileType = sourcecode.swift; path = CoreDataTableViewController.swift; sourceTree = "<group>"; };
/* End PBXFileReference section */

/* Begin PBXFrameworksBuildPhase section */
		988189D41D7B516000E405E2 /* Frameworks */ = {
			isa = PBXFrameworksBuildPhase;
			buildActionMask = 2147483647;
			files = (
			);
			runOnlyForDeploymentPostprocessing = 0;
		};
/* End PBXFrameworksBuildPhase section */

/* Begin PBXGroup section */
		988189CE1D7B516000E405E2 = {
			isa = PBXGroup;
			children = (
				988189D91D7B516000E405E2 /* Diety */,
				988189D81D7B516000E405E2 /* Products */,
			);
			sourceTree = "<group>";
		};
		988189D81D7B516000E405E2 /* Products */ = {
			isa = PBXGroup;
			children = (
				988189D71D7B516000E405E2 /* Diety.app */,
			);
			name = Products;
			sourceTree = "<group>";
		};
		988189D91D7B516000E405E2 /* Diety */ = {
			isa = PBXGroup;
			children = (
				988189DA1D7B516000E405E2 /* AppDelegate.swift */,
				988189F21D7D028100E405E2 /* Controllers */,
				988189F31D7D028700E405E2 /* Views */,
				988189F61D7D080F00E405E2 /* Model */,
				988189EC1D7B546800E405E2 /* Assets */,
				988189ED1D7B548000E405E2 /* Supporting Files */,
			);
			path = Diety;
			sourceTree = "<group>";
		};
		988189EC1D7B546800E405E2 /* Assets */ = {
			isa = PBXGroup;
			children = (
				988189DE1D7B516000E405E2 /* Main.storyboard */,
				988189E11D7B516000E405E2 /* Assets.xcassets */,
				988189E31D7B516000E405E2 /* LaunchScreen.storyboard */,
			);
			name = Assets;
			sourceTree = "<group>";
		};
		988189ED1D7B548000E405E2 /* Supporting Files */ = {
			isa = PBXGroup;
			children = (
				988189E61D7B516000E405E2 /* Info.plist */,
				98818A1A1D7E4AE900E405E2 /* AppConstants.swift */,
			);
			name = "Supporting Files";
			sourceTree = "<group>";
		};
		988189F21D7D028100E405E2 /* Controllers */ = {
			isa = PBXGroup;
			children = (
				988189F01D7D012000E405E2 /* LoginViewController.swift */,
				988189F41D7D04AB00E405E2 /* RegistrationViewController.swift */,
				98818A141D7D56E700E405E2 /* DietyTabViewController.swift */,
				98818A161D7E1FB400E405E2 /* DashboardViewController.swift */,
				98818A181D7E1FF800E405E2 /* MealsTableViewController.swift */,
				98818A1C1D7E50A700E405E2 /* AddMealViewController.swift */,
				98818A1E1D7E50E700E405E2 /* MealsDetailTableViewController.swift */,
				98818A201D7E67A200E405E2 /* CoreDataTableViewController.swift */,
			);
			name = Controllers;
			sourceTree = "<group>";
		};
		988189F31D7D028700E405E2 /* Views */ = {
			isa = PBXGroup;
			children = (
				988189EE1D7CFF7400E405E2 /* LoginTextField.swift */,
				98818A121D7D545200E405E2 /* NotificationCenter.swift */,
			);
			name = Views;
			sourceTree = "<group>";
		};
		988189F61D7D080F00E405E2 /* Model */ = {
			isa = PBXGroup;
			children = (
				988189F71D7D083900E405E2 /* CoreDataStack.swift */,
				988189F91D7D089300E405E2 /* Data */,
				988189FA1D7D089B00E405E2 /* Clients */,
			);
			name = Model;
			sourceTree = "<group>";
		};
		988189F91D7D089300E405E2 /* Data */ = {
			isa = PBXGroup;
			children = (
				98818A0E1D7D4E8100E405E2 /* Meal+CoreDataProperties.swift */,
				98818A0F1D7D4E8100E405E2 /* Meal.swift */,
				988189FB1D7D08BF00E405E2 /* Model.xcdatamodeld */,
			);
			name = Data;
			sourceTree = "<group>";
		};
		988189FA1D7D089B00E405E2 /* Clients */ = {
			isa = PBXGroup;
			children = (
				988189FE1D7D0A1600E405E2 /* BaseClient.swift */,
				98818A001D7D0A2900E405E2 /* ClientsConstants.swift */,
				98818A021D7D0A3C00E405E2 /* Kumulos */,
			);
			name = Clients;
			sourceTree = "<group>";
		};
		98818A021D7D0A3C00E405E2 /* Kumulos */ = {
			isa = PBXGroup;
			children = (
				98818A031D7D0A4E00E405E2 /* KinveyClient.swift */,
				98818A051D7D0A5800E405E2 /* KinveyResources.swift */,
			);
			name = Kumulos;
			sourceTree = "<group>";
		};
/* End PBXGroup section */

/* Begin PBXNativeTarget section */
		988189D61D7B516000E405E2 /* Diety */ = {
			isa = PBXNativeTarget;
			buildConfigurationList = 988189E91D7B516000E405E2 /* Build configuration list for PBXNativeTarget "Diety" */;
			buildPhases = (
				988189D31D7B516000E405E2 /* Sources */,
				988189D41D7B516000E405E2 /* Frameworks */,
				988189D51D7B516000E405E2 /* Resources */,
			);
			buildRules = (
			);
			dependencies = (
			);
			name = Diety;
			productName = Diety;
			productReference = 988189D71D7B516000E405E2 /* Diety.app */;
			productType = "com.apple.product-type.application";
		};
/* End PBXNativeTarget section */

/* Begin PBXProject section */
		988189CF1D7B516000E405E2 /* Project object */ = {
			isa = PBXProject;
			attributes = {
				LastSwiftUpdateCheck = 0730;
				LastUpgradeCheck = 0730;
				ORGANIZATIONNAME = "Konstantin Gerov";
				TargetAttributes = {
					988189D61D7B516000E405E2 = {
						CreatedOnToolsVersion = 7.3.1;
					};
				};
			};
			buildConfigurationList = 988189D21D7B516000E405E2 /* Build configuration list for PBXProject "Diety" */;
			compatibilityVersion = "Xcode 3.2";
			developmentRegion = English;
			hasScannedForEncodings = 0;
			knownRegions = (
				en,
				Base,
			);
			mainGroup = 988189CE1D7B516000E405E2;
			productRefGroup = 988189D81D7B516000E405E2 /* Products */;
			projectDirPath = "";
			projectRoot = "";
			targets = (
				988189D61D7B516000E405E2 /* Diety */,
			);
		};
/* End PBXProject section */

/* Begin PBXResourcesBuildPhase section */
		988189D51D7B516000E405E2 /* Resources */ = {
			isa = PBXResourcesBuildPhase;
			buildActionMask = 2147483647;
			files = (
				988189E51D7B516000E405E2 /* LaunchScreen.storyboard in Resources */,
				988189E21D7B516000E405E2 /* Assets.xcassets in Resources */,
				988189E01D7B516000E405E2 /* Main.storyboard in Resources */,
			);
			runOnlyForDeploymentPostprocessing = 0;
		};
/* End PBXResourcesBuildPhase section */

/* Begin PBXSourcesBuildPhase section */
		988189D31D7B516000E405E2 /* Sources */ = {
			isa = PBXSourcesBuildPhase;
			buildActionMask = 2147483647;
			files = (
				98818A041D7D0A4E00E405E2 /* KinveyClient.swift in Sources */,
				98818A1B1D7E4AE900E405E2 /* AppConstants.swift in Sources */,
				98818A011D7D0A2900E405E2 /* ClientsConstants.swift in Sources */,
				98818A1D1D7E50A700E405E2 /* AddMealViewController.swift in Sources */,
				98818A191D7E1FF800E405E2 /* MealsTableViewController.swift in Sources */,
				988189F81D7D083900E405E2 /* CoreDataStack.swift in Sources */,
				988189F11D7D012000E405E2 /* LoginViewController.swift in Sources */,
				98818A111D7D4E8100E405E2 /* Meal.swift in Sources */,
				988189FF1D7D0A1600E405E2 /* BaseClient.swift in Sources */,
				98818A1F1D7E50E700E405E2 /* MealsDetailTableViewController.swift in Sources */,
				988189EF1D7CFF7400E405E2 /* LoginTextField.swift in Sources */,
				98818A171D7E1FB400E405E2 /* DashboardViewController.swift in Sources */,
				988189F51D7D04AB00E405E2 /* RegistrationViewController.swift in Sources */,
				98818A101D7D4E8100E405E2 /* Meal+CoreDataProperties.swift in Sources */,
				98818A131D7D545200E405E2 /* NotificationCenter.swift in Sources */,
				98818A151D7D56E700E405E2 /* DietyTabViewController.swift in Sources */,
				988189DB1D7B516000E405E2 /* AppDelegate.swift in Sources */,
				98818A061D7D0A5800E405E2 /* KinveyResources.swift in Sources */,
				98818A211D7E67A200E405E2 /* CoreDataTableViewController.swift in Sources */,
				988189FD1D7D08BF00E405E2 /* Model.xcdatamodeld in Sources */,
			);
			runOnlyForDeploymentPostprocessing = 0;
		};
/* End PBXSourcesBuildPhase section */

/* Begin PBXVariantGroup section */
		988189DE1D7B516000E405E2 /* Main.storyboard */ = {
			isa = PBXVariantGroup;
			children = (
				988189DF1D7B516000E405E2 /* Base */,
			);
			name = Main.storyboard;
			sourceTree = "<group>";
		};
		988189E31D7B516000E405E2 /* LaunchScreen.storyboard */ = {
			isa = PBXVariantGroup;
			children = (
				988189E41D7B516000E405E2 /* Base */,
			);
			name = LaunchScreen.storyboard;
			sourceTree = "<group>";
		};
/* End PBXVariantGroup section */

/* Begin XCBuildConfiguration section */
		988189E71D7B516000E405E2 /* Debug */ = {
			isa = XCBuildConfiguration;
			buildSettings = {
				ALWAYS_SEARCH_USER_PATHS = NO;
				CLANG_ANALYZER_NONNULL = YES;
				CLANG_CXX_LANGUAGE_STANDARD = "gnu++0x";
				CLANG_CXX_LIBRARY = "libc++";
				CLANG_ENABLE_MODULES = YES;
				CLANG_ENABLE_OBJC_ARC = YES;
				CLANG_WARN_BOOL_CONVERSION = YES;
				CLANG_WARN_CONSTANT_CONVERSION = YES;
				CLANG_WARN_DIRECT_OBJC_ISA_USAGE = YES_ERROR;
				CLANG_WARN_EMPTY_BODY = YES;
				CLANG_WARN_ENUM_CONVERSION = YES;
				CLANG_WARN_INT_CONVERSION = YES;
				CLANG_WARN_OBJC_ROOT_CLASS = YES_ERROR;
				CLANG_WARN_UNREACHABLE_CODE = YES;
				CLANG_WARN__DUPLICATE_METHOD_MATCH = YES;
				"CODE_SIGN_IDENTITY[sdk=iphoneos*]" = "iPhone Developer";
				COPY_PHASE_STRIP = NO;
				DEBUG_INFORMATION_FORMAT = dwarf;
				ENABLE_STRICT_OBJC_MSGSEND = YES;
				ENABLE_TESTABILITY = YES;
				GCC_C_LANGUAGE_STANDARD = gnu99;
				GCC_DYNAMIC_NO_PIC = NO;
				GCC_NO_COMMON_BLOCKS = YES;
				GCC_OPTIMIZATION_LEVEL = 0;
				GCC_PREPROCESSOR_DEFINITIONS = (
					"DEBUG=1",
					"$(inherited)",
				);
				GCC_WARN_64_TO_32_BIT_CONVERSION = YES;
				GCC_WARN_ABOUT_RETURN_TYPE = YES_ERROR;
				GCC_WARN_UNDECLARED_SELECTOR = YES;
				GCC_WARN_UNINITIALIZED_AUTOS = YES_AGGRESSIVE;
				GCC_WARN_UNUSED_FUNCTION = YES;
				GCC_WARN_UNUSED_VARIABLE = YES;
				IPHONEOS_DEPLOYMENT_TARGET = 9.3;
				MTL_ENABLE_DEBUG_INFO = YES;
				ONLY_ACTIVE_ARCH = YES;
				SDKROOT = iphoneos;
				SWIFT_OPTIMIZATION_LEVEL = "-Onone";
				TARGETED_DEVICE_FAMILY = "1,2";
			};
			name = Debug;
		};
		988189E81D7B516000E405E2 /* Release */ = {
			isa = XCBuildConfiguration;
			buildSettings = {
				ALWAYS_SEARCH_USER_PATHS = NO;
				CLANG_ANALYZER_NONNULL = YES;
				CLANG_CXX_LANGUAGE_STANDARD = "gnu++0x";
				CLANG_CXX_LIBRARY = "libc++";
				CLANG_ENABLE_MODULES = YES;
				CLANG_ENABLE_OBJC_ARC = YES;
				CLANG_WARN_BOOL_CONVERSION = YES;
				CLANG_WARN_CONSTANT_CONVERSION = YES;
				CLANG_WARN_DIRECT_OBJC_ISA_USAGE = YES_ERROR;
				CLANG_WARN_EMPTY_BODY = YES;
				CLANG_WARN_ENUM_CONVERSION = YES;
				CLANG_WARN_INT_CONVERSION = YES;
				CLANG_WARN_OBJC_ROOT_CLASS = YES_ERROR;
				CLANG_WARN_UNREACHABLE_CODE = YES;
				CLANG_WARN__DUPLICATE_METHOD_MATCH = YES;
				"CODE_SIGN_IDENTITY[sdk=iphoneos*]" = "iPhone Developer";
				COPY_PHASE_STRIP = NO;
				DEBUG_INFORMATION_FORMAT = "dwarf-with-dsym";
				ENABLE_NS_ASSERTIONS = NO;
				ENABLE_STRICT_OBJC_MSGSEND = YES;
				GCC_C_LANGUAGE_STANDARD = gnu99;
				GCC_NO_COMMON_BLOCKS = YES;
				GCC_WARN_64_TO_32_BIT_CONVERSION = YES;
				GCC_WARN_ABOUT_RETURN_TYPE = YES_ERROR;
				GCC_WARN_UNDECLARED_SELECTOR = YES;
				GCC_WARN_UNINITIALIZED_AUTOS = YES_AGGRESSIVE;
				GCC_WARN_UNUSED_FUNCTION = YES;
				GCC_WARN_UNUSED_VARIABLE = YES;
				IPHONEOS_DEPLOYMENT_TARGET = 9.3;
				MTL_ENABLE_DEBUG_INFO = NO;
				SDKROOT = iphoneos;
				TARGETED_DEVICE_FAMILY = "1,2";
				VALIDATE_PRODUCT = YES;
			};
			name = Release;
		};
		988189EA1D7B516000E405E2 /* Debug */ = {
			isa = XCBuildConfiguration;
			buildSettings = {
				ASSETCATALOG_COMPILER_APPICON_NAME = AppIcon;
				CLANG_ENABLE_MODULES = YES;
				INFOPLIST_FILE = Diety/Info.plist;
				LD_RUNPATH_SEARCH_PATHS = "$(inherited) @executable_path/Frameworks";
				LIBRARY_SEARCH_PATHS = (
					"$(inherited)",
					"$(PROJECT_DIR)/Diety",
				);
				PRODUCT_BUNDLE_IDENTIFIER = kgerov.Diety;
				PRODUCT_NAME = "$(TARGET_NAME)";
				SWIFT_OBJC_INTERFACE_HEADER_NAME = "";
				SWIFT_OPTIMIZATION_LEVEL = "-Onone";
			};
			name = Debug;
		};
		988189EB1D7B516000E405E2 /* Release */ = {
			isa = XCBuildConfiguration;
			buildSettings = {
				ASSETCATALOG_COMPILER_APPICON_NAME = AppIcon;
				CLANG_ENABLE_MODULES = YES;
				INFOPLIST_FILE = Diety/Info.plist;
				LD_RUNPATH_SEARCH_PATHS = "$(inherited) @executable_path/Frameworks";
				LIBRARY_SEARCH_PATHS = (
					"$(inherited)",
					"$(PROJECT_DIR)/Diety",
				);
				PRODUCT_BUNDLE_IDENTIFIER = kgerov.Diety;
				PRODUCT_NAME = "$(TARGET_NAME)";
				SWIFT_OBJC_INTERFACE_HEADER_NAME = "";
			};
			name = Release;
		};
/* End XCBuildConfiguration section */

/* Begin XCConfigurationList section */
		988189D21D7B516000E405E2 /* Build configuration list for PBXProject "Diety" */ = {
			isa = XCConfigurationList;
			buildConfigurations = (
				988189E71D7B516000E405E2 /* Debug */,
				988189E81D7B516000E405E2 /* Release */,
			);
			defaultConfigurationIsVisible = 0;
			defaultConfigurationName = Release;
		};
		988189E91D7B516000E405E2 /* Build configuration list for PBXNativeTarget "Diety" */ = {
			isa = XCConfigurationList;
			buildConfigurations = (
				988189EA1D7B516000E405E2 /* Debug */,
				988189EB1D7B516000E405E2 /* Release */,
			);
			defaultConfigurationIsVisible = 0;
		};
/* End XCConfigurationList section */

/* Begin XCVersionGroup section */
		988189FB1D7D08BF00E405E2 /* Model.xcdatamodeld */ = {
			isa = XCVersionGroup;
			children = (
				988189FC1D7D08BF00E405E2 /* Model.xcdatamodel */,
			);
			currentVersion = 988189FC1D7D08BF00E405E2 /* Model.xcdatamodel */;
			path = Model.xcdatamodeld;
			sourceTree = "<group>";
			versionGroupType = wrapper.xcdatamodel;
		};
/* End XCVersionGroup section */
	};
	rootObject = 988189CF1D7B516000E405E2 /* Project object */;
}
