// !$*UTF8*$!
{
	archiveVersion = 1;
	classes = {
	};
	objectVersion = 46;
	objects = {

/* Begin PBXBuildFile section */
		985A81911D1DD10D00EEA501 /* AppDelegate.swift in Sources */ = {isa = PBXBuildFile; fileRef = 985A81901D1DD10D00EEA501 /* AppDelegate.swift */; };
		985A81931D1DD10D00EEA501 /* ViewController.swift in Sources */ = {isa = PBXBuildFile; fileRef = 985A81921D1DD10D00EEA501 /* ViewController.swift */; };
		985A81961D1DD10D00EEA501 /* Main.storyboard in Resources */ = {isa = PBXBuildFile; fileRef = 985A81941D1DD10D00EEA501 /* Main.storyboard */; };
		985A81981D1DD10D00EEA501 /* Assets.xcassets in Resources */ = {isa = PBXBuildFile; fileRef = 985A81971D1DD10D00EEA501 /* Assets.xcassets */; };
		985A819B1D1DD10D00EEA501 /* LaunchScreen.storyboard in Resources */ = {isa = PBXBuildFile; fileRef = 985A81991D1DD10D00EEA501 /* LaunchScreen.storyboard */; };
		985A81A61D1DD10D00EEA501 /* ImagePickerTests.swift in Sources */ = {isa = PBXBuildFile; fileRef = 985A81A51D1DD10D00EEA501 /* ImagePickerTests.swift */; };
		985A81B11D1DD10D00EEA501 /* ImagePickerUITests.swift in Sources */ = {isa = PBXBuildFile; fileRef = 985A81B01D1DD10D00EEA501 /* ImagePickerUITests.swift */; };
/* End PBXBuildFile section */

/* Begin PBXContainerItemProxy section */
		985A81A21D1DD10D00EEA501 /* PBXContainerItemProxy */ = {
			isa = PBXContainerItemProxy;
			containerPortal = 985A81851D1DD10D00EEA501 /* Project object */;
			proxyType = 1;
			remoteGlobalIDString = 985A818C1D1DD10D00EEA501;
			remoteInfo = ImagePicker;
		};
		985A81AD1D1DD10D00EEA501 /* PBXContainerItemProxy */ = {
			isa = PBXContainerItemProxy;
			containerPortal = 985A81851D1DD10D00EEA501 /* Project object */;
			proxyType = 1;
			remoteGlobalIDString = 985A818C1D1DD10D00EEA501;
			remoteInfo = ImagePicker;
		};
/* End PBXContainerItemProxy section */

/* Begin PBXFileReference section */
		985A818D1D1DD10D00EEA501 /* ImagePicker.app */ = {isa = PBXFileReference; explicitFileType = wrapper.application; includeInIndex = 0; path = ImagePicker.app; sourceTree = BUILT_PRODUCTS_DIR; };
		985A81901D1DD10D00EEA501 /* AppDelegate.swift */ = {isa = PBXFileReference; lastKnownFileType = sourcecode.swift; path = AppDelegate.swift; sourceTree = "<group>"; };
		985A81921D1DD10D00EEA501 /* ViewController.swift */ = {isa = PBXFileReference; lastKnownFileType = sourcecode.swift; path = ViewController.swift; sourceTree = "<group>"; };
		985A81951D1DD10D00EEA501 /* Base */ = {isa = PBXFileReference; lastKnownFileType = file.storyboard; name = Base; path = Base.lproj/Main.storyboard; sourceTree = "<group>"; };
		985A81971D1DD10D00EEA501 /* Assets.xcassets */ = {isa = PBXFileReference; lastKnownFileType = folder.assetcatalog; path = Assets.xcassets; sourceTree = "<group>"; };
		985A819A1D1DD10D00EEA501 /* Base */ = {isa = PBXFileReference; lastKnownFileType = file.storyboard; name = Base; path = Base.lproj/LaunchScreen.storyboard; sourceTree = "<group>"; };
		985A819C1D1DD10D00EEA501 /* Info.plist */ = {isa = PBXFileReference; lastKnownFileType = text.plist.xml; path = Info.plist; sourceTree = "<group>"; };
		985A81A11D1DD10D00EEA501 /* ImagePickerTests.xctest */ = {isa = PBXFileReference; explicitFileType = wrapper.cfbundle; includeInIndex = 0; path = ImagePickerTests.xctest; sourceTree = BUILT_PRODUCTS_DIR; };
		985A81A51D1DD10D00EEA501 /* ImagePickerTests.swift */ = {isa = PBXFileReference; lastKnownFileType = sourcecode.swift; path = ImagePickerTests.swift; sourceTree = "<group>"; };
		985A81A71D1DD10D00EEA501 /* Info.plist */ = {isa = PBXFileReference; lastKnownFileType = text.plist.xml; path = Info.plist; sourceTree = "<group>"; };
		985A81AC1D1DD10D00EEA501 /* ImagePickerUITests.xctest */ = {isa = PBXFileReference; explicitFileType = wrapper.cfbundle; includeInIndex = 0; path = ImagePickerUITests.xctest; sourceTree = BUILT_PRODUCTS_DIR; };
		985A81B01D1DD10D00EEA501 /* ImagePickerUITests.swift */ = {isa = PBXFileReference; lastKnownFileType = sourcecode.swift; path = ImagePickerUITests.swift; sourceTree = "<group>"; };
		985A81B21D1DD10D00EEA501 /* Info.plist */ = {isa = PBXFileReference; lastKnownFileType = text.plist.xml; path = Info.plist; sourceTree = "<group>"; };
/* End PBXFileReference section */

/* Begin PBXFrameworksBuildPhase section */
		985A818A1D1DD10D00EEA501 /* Frameworks */ = {
			isa = PBXFrameworksBuildPhase;
			buildActionMask = 2147483647;
			files = (
			);
			runOnlyForDeploymentPostprocessing = 0;
		};
		985A819E1D1DD10D00EEA501 /* Frameworks */ = {
			isa = PBXFrameworksBuildPhase;
			buildActionMask = 2147483647;
			files = (
			);
			runOnlyForDeploymentPostprocessing = 0;
		};
		985A81A91D1DD10D00EEA501 /* Frameworks */ = {
			isa = PBXFrameworksBuildPhase;
			buildActionMask = 2147483647;
			files = (
			);
			runOnlyForDeploymentPostprocessing = 0;
		};
/* End PBXFrameworksBuildPhase section */

/* Begin PBXGroup section */
		985A81841D1DD10D00EEA501 = {
			isa = PBXGroup;
			children = (
				985A818F1D1DD10D00EEA501 /* ImagePicker */,
				985A81A41D1DD10D00EEA501 /* ImagePickerTests */,
				985A81AF1D1DD10D00EEA501 /* ImagePickerUITests */,
				985A818E1D1DD10D00EEA501 /* Products */,
			);
			sourceTree = "<group>";
		};
		985A818E1D1DD10D00EEA501 /* Products */ = {
			isa = PBXGroup;
			children = (
				985A818D1D1DD10D00EEA501 /* ImagePicker.app */,
				985A81A11D1DD10D00EEA501 /* ImagePickerTests.xctest */,
				985A81AC1D1DD10D00EEA501 /* ImagePickerUITests.xctest */,
			);
			name = Products;
			sourceTree = "<group>";
		};
		985A818F1D1DD10D00EEA501 /* ImagePicker */ = {
			isa = PBXGroup;
			children = (
				985A81901D1DD10D00EEA501 /* AppDelegate.swift */,
				985A81921D1DD10D00EEA501 /* ViewController.swift */,
				985A81941D1DD10D00EEA501 /* Main.storyboard */,
				985A81971D1DD10D00EEA501 /* Assets.xcassets */,
				985A81991D1DD10D00EEA501 /* LaunchScreen.storyboard */,
				985A819C1D1DD10D00EEA501 /* Info.plist */,
			);
			path = ImagePicker;
			sourceTree = "<group>";
		};
		985A81A41D1DD10D00EEA501 /* ImagePickerTests */ = {
			isa = PBXGroup;
			children = (
				985A81A51D1DD10D00EEA501 /* ImagePickerTests.swift */,
				985A81A71D1DD10D00EEA501 /* Info.plist */,
			);
			path = ImagePickerTests;
			sourceTree = "<group>";
		};
		985A81AF1D1DD10D00EEA501 /* ImagePickerUITests */ = {
			isa = PBXGroup;
			children = (
				985A81B01D1DD10D00EEA501 /* ImagePickerUITests.swift */,
				985A81B21D1DD10D00EEA501 /* Info.plist */,
			);
			path = ImagePickerUITests;
			sourceTree = "<group>";
		};
/* End PBXGroup section */

/* Begin PBXNativeTarget section */
		985A818C1D1DD10D00EEA501 /* ImagePicker */ = {
			isa = PBXNativeTarget;
			buildConfigurationList = 985A81B51D1DD10D00EEA501 /* Build configuration list for PBXNativeTarget "ImagePicker" */;
			buildPhases = (
				985A81891D1DD10D00EEA501 /* Sources */,
				985A818A1D1DD10D00EEA501 /* Frameworks */,
				985A818B1D1DD10D00EEA501 /* Resources */,
			);
			buildRules = (
			);
			dependencies = (
			);
			name = ImagePicker;
			productName = ImagePicker;
			productReference = 985A818D1D1DD10D00EEA501 /* ImagePicker.app */;
			productType = "com.apple.product-type.application";
		};
		985A81A01D1DD10D00EEA501 /* ImagePickerTests */ = {
			isa = PBXNativeTarget;
			buildConfigurationList = 985A81B81D1DD10D00EEA501 /* Build configuration list for PBXNativeTarget "ImagePickerTests" */;
			buildPhases = (
				985A819D1D1DD10D00EEA501 /* Sources */,
				985A819E1D1DD10D00EEA501 /* Frameworks */,
				985A819F1D1DD10D00EEA501 /* Resources */,
			);
			buildRules = (
			);
			dependencies = (
				985A81A31D1DD10D00EEA501 /* PBXTargetDependency */,
			);
			name = ImagePickerTests;
			productName = ImagePickerTests;
			productReference = 985A81A11D1DD10D00EEA501 /* ImagePickerTests.xctest */;
			productType = "com.apple.product-type.bundle.unit-test";
		};
		985A81AB1D1DD10D00EEA501 /* ImagePickerUITests */ = {
			isa = PBXNativeTarget;
			buildConfigurationList = 985A81BB1D1DD10D00EEA501 /* Build configuration list for PBXNativeTarget "ImagePickerUITests" */;
			buildPhases = (
				985A81A81D1DD10D00EEA501 /* Sources */,
				985A81A91D1DD10D00EEA501 /* Frameworks */,
				985A81AA1D1DD10D00EEA501 /* Resources */,
			);
			buildRules = (
			);
			dependencies = (
				985A81AE1D1DD10D00EEA501 /* PBXTargetDependency */,
			);
			name = ImagePickerUITests;
			productName = ImagePickerUITests;
			productReference = 985A81AC1D1DD10D00EEA501 /* ImagePickerUITests.xctest */;
			productType = "com.apple.product-type.bundle.ui-testing";
		};
/* End PBXNativeTarget section */

/* Begin PBXProject section */
		985A81851D1DD10D00EEA501 /* Project object */ = {
			isa = PBXProject;
			attributes = {
				LastSwiftUpdateCheck = 0730;
				LastUpgradeCheck = 0730;
				ORGANIZATIONNAME = "Konstantin Gerov";
				TargetAttributes = {
					985A818C1D1DD10D00EEA501 = {
						CreatedOnToolsVersion = 7.3.1;
					};
					985A81A01D1DD10D00EEA501 = {
						CreatedOnToolsVersion = 7.3.1;
						TestTargetID = 985A818C1D1DD10D00EEA501;
					};
					985A81AB1D1DD10D00EEA501 = {
						CreatedOnToolsVersion = 7.3.1;
						TestTargetID = 985A818C1D1DD10D00EEA501;
					};
				};
			};
			buildConfigurationList = 985A81881D1DD10D00EEA501 /* Build configuration list for PBXProject "ImagePicker" */;
			compatibilityVersion = "Xcode 3.2";
			developmentRegion = English;
			hasScannedForEncodings = 0;
			knownRegions = (
				en,
				Base,
			);
			mainGroup = 985A81841D1DD10D00EEA501;
			productRefGroup = 985A818E1D1DD10D00EEA501 /* Products */;
			projectDirPath = "";
			projectRoot = "";
			targets = (
				985A818C1D1DD10D00EEA501 /* ImagePicker */,
				985A81A01D1DD10D00EEA501 /* ImagePickerTests */,
				985A81AB1D1DD10D00EEA501 /* ImagePickerUITests */,
			);
		};
/* End PBXProject section */

/* Begin PBXResourcesBuildPhase section */
		985A818B1D1DD10D00EEA501 /* Resources */ = {
			isa = PBXResourcesBuildPhase;
			buildActionMask = 2147483647;
			files = (
				985A819B1D1DD10D00EEA501 /* LaunchScreen.storyboard in Resources */,
				985A81981D1DD10D00EEA501 /* Assets.xcassets in Resources */,
				985A81961D1DD10D00EEA501 /* Main.storyboard in Resources */,
			);
			runOnlyForDeploymentPostprocessing = 0;
		};
		985A819F1D1DD10D00EEA501 /* Resources */ = {
			isa = PBXResourcesBuildPhase;
			buildActionMask = 2147483647;
			files = (
			);
			runOnlyForDeploymentPostprocessing = 0;
		};
		985A81AA1D1DD10D00EEA501 /* Resources */ = {
			isa = PBXResourcesBuildPhase;
			buildActionMask = 2147483647;
			files = (
			);
			runOnlyForDeploymentPostprocessing = 0;
		};
/* End PBXResourcesBuildPhase section */

/* Begin PBXSourcesBuildPhase section */
		985A81891D1DD10D00EEA501 /* Sources */ = {
			isa = PBXSourcesBuildPhase;
			buildActionMask = 2147483647;
			files = (
				985A81931D1DD10D00EEA501 /* ViewController.swift in Sources */,
				985A81911D1DD10D00EEA501 /* AppDelegate.swift in Sources */,
			);
			runOnlyForDeploymentPostprocessing = 0;
		};
		985A819D1D1DD10D00EEA501 /* Sources */ = {
			isa = PBXSourcesBuildPhase;
			buildActionMask = 2147483647;
			files = (
				985A81A61D1DD10D00EEA501 /* ImagePickerTests.swift in Sources */,
			);
			runOnlyForDeploymentPostprocessing = 0;
		};
		985A81A81D1DD10D00EEA501 /* Sources */ = {
			isa = PBXSourcesBuildPhase;
			buildActionMask = 2147483647;
			files = (
				985A81B11D1DD10D00EEA501 /* ImagePickerUITests.swift in Sources */,
			);
			runOnlyForDeploymentPostprocessing = 0;
		};
/* End PBXSourcesBuildPhase section */

/* Begin PBXTargetDependency section */
		985A81A31D1DD10D00EEA501 /* PBXTargetDependency */ = {
			isa = PBXTargetDependency;
			target = 985A818C1D1DD10D00EEA501 /* ImagePicker */;
			targetProxy = 985A81A21D1DD10D00EEA501 /* PBXContainerItemProxy */;
		};
		985A81AE1D1DD10D00EEA501 /* PBXTargetDependency */ = {
			isa = PBXTargetDependency;
			target = 985A818C1D1DD10D00EEA501 /* ImagePicker */;
			targetProxy = 985A81AD1D1DD10D00EEA501 /* PBXContainerItemProxy */;
		};
/* End PBXTargetDependency section */

/* Begin PBXVariantGroup section */
		985A81941D1DD10D00EEA501 /* Main.storyboard */ = {
			isa = PBXVariantGroup;
			children = (
				985A81951D1DD10D00EEA501 /* Base */,
			);
			name = Main.storyboard;
			sourceTree = "<group>";
		};
		985A81991D1DD10D00EEA501 /* LaunchScreen.storyboard */ = {
			isa = PBXVariantGroup;
			children = (
				985A819A1D1DD10D00EEA501 /* Base */,
			);
			name = LaunchScreen.storyboard;
			sourceTree = "<group>";
		};
/* End PBXVariantGroup section */

/* Begin XCBuildConfiguration section */
		985A81B31D1DD10D00EEA501 /* Debug */ = {
			isa = XCBuildConfiguration;
			buildSettings = {
				ALWAYS_SEARCH_USER_PATHS = NO;
				CLANG_ANALYZER_NONNULL = YES;
				CLANG_CXX_LANGUAGE_STANDARD = "gnu++0x";
				CLANG_CXX_LIBRARY = "libc++";
				CLANG_ENABLE_MODULES = YES;
				CLANG_ENABLE_OBJC_ARC = YES;
				CLANG_WARN_BOOL_CONVERSION = YES;
				CLANG_WARN_CONSTANT_CONVERSION = YES;
				CLANG_WARN_DIRECT_OBJC_ISA_USAGE = YES_ERROR;
				CLANG_WARN_EMPTY_BODY = YES;
				CLANG_WARN_ENUM_CONVERSION = YES;
				CLANG_WARN_INT_CONVERSION = YES;
				CLANG_WARN_OBJC_ROOT_CLASS = YES_ERROR;
				CLANG_WARN_UNREACHABLE_CODE = YES;
				CLANG_WARN__DUPLICATE_METHOD_MATCH = YES;
				"CODE_SIGN_IDENTITY[sdk=iphoneos*]" = "iPhone Developer";
				COPY_PHASE_STRIP = NO;
				DEBUG_INFORMATION_FORMAT = dwarf;
				ENABLE_STRICT_OBJC_MSGSEND = YES;
				ENABLE_TESTABILITY = YES;
				GCC_C_LANGUAGE_STANDARD = gnu99;
				GCC_DYNAMIC_NO_PIC = NO;
				GCC_NO_COMMON_BLOCKS = YES;
				GCC_OPTIMIZATION_LEVEL = 0;
				GCC_PREPROCESSOR_DEFINITIONS = (
					"DEBUG=1",
					"$(inherited)",
				);
				GCC_WARN_64_TO_32_BIT_CONVERSION = YES;
				GCC_WARN_ABOUT_RETURN_TYPE = YES_ERROR;
				GCC_WARN_UNDECLARED_SELECTOR = YES;
				GCC_WARN_UNINITIALIZED_AUTOS = YES_AGGRESSIVE;
				GCC_WARN_UNUSED_FUNCTION = YES;
				GCC_WARN_UNUSED_VARIABLE = YES;
				IPHONEOS_DEPLOYMENT_TARGET = 9.3;
				MTL_ENABLE_DEBUG_INFO = YES;
				ONLY_ACTIVE_ARCH = YES;
				SDKROOT = iphoneos;
				SWIFT_OPTIMIZATION_LEVEL = "-Onone";
				TARGETED_DEVICE_FAMILY = "1,2";
			};
			name = Debug;
		};
		985A81B41D1DD10D00EEA501 /* Release */ = {
			isa = XCBuildConfiguration;
			buildSettings = {
				ALWAYS_SEARCH_USER_PATHS = NO;
				CLANG_ANALYZER_NONNULL = YES;
				CLANG_CXX_LANGUAGE_STANDARD = "gnu++0x";
				CLANG_CXX_LIBRARY = "libc++";
				CLANG_ENABLE_MODULES = YES;
				CLANG_ENABLE_OBJC_ARC = YES;
				CLANG_WARN_BOOL_CONVERSION = YES;
				CLANG_WARN_CONSTANT_CONVERSION = YES;
				CLANG_WARN_DIRECT_OBJC_ISA_USAGE = YES_ERROR;
				CLANG_WARN_EMPTY_BODY = YES;
				CLANG_WARN_ENUM_CONVERSION = YES;
				CLANG_WARN_INT_CONVERSION = YES;
				CLANG_WARN_OBJC_ROOT_CLASS = YES_ERROR;
				CLANG_WARN_UNREACHABLE_CODE = YES;
				CLANG_WARN__DUPLICATE_METHOD_MATCH = YES;
				"CODE_SIGN_IDENTITY[sdk=iphoneos*]" = "iPhone Developer";
				COPY_PHASE_STRIP = NO;
				DEBUG_INFORMATION_FORMAT = "dwarf-with-dsym";
				ENABLE_NS_ASSERTIONS = NO;
				ENABLE_STRICT_OBJC_MSGSEND = YES;
				GCC_C_LANGUAGE_STANDARD = gnu99;
				GCC_NO_COMMON_BLOCKS = YES;
				GCC_WARN_64_TO_32_BIT_CONVERSION = YES;
				GCC_WARN_ABOUT_RETURN_TYPE = YES_ERROR;
				GCC_WARN_UNDECLARED_SELECTOR = YES;
				GCC_WARN_UNINITIALIZED_AUTOS = YES_AGGRESSIVE;
				GCC_WARN_UNUSED_FUNCTION = YES;
				GCC_WARN_UNUSED_VARIABLE = YES;
				IPHONEOS_DEPLOYMENT_TARGET = 9.3;
				MTL_ENABLE_DEBUG_INFO = NO;
				SDKROOT = iphoneos;
				TARGETED_DEVICE_FAMILY = "1,2";
				VALIDATE_PRODUCT = YES;
			};
			name = Release;
		};
		985A81B61D1DD10D00EEA501 /* Debug */ = {
			isa = XCBuildConfiguration;
			buildSettings = {
				ASSETCATALOG_COMPILER_APPICON_NAME = AppIcon;
				INFOPLIST_FILE = ImagePicker/Info.plist;
				LD_RUNPATH_SEARCH_PATHS = "$(inherited) @executable_path/Frameworks";
				PRODUCT_BUNDLE_IDENTIFIER = kgerov.ImagePicker;
				PRODUCT_NAME = "$(TARGET_NAME)";
			};
			name = Debug;
		};
		985A81B71D1DD10D00EEA501 /* Release */ = {
			isa = XCBuildConfiguration;
			buildSettings = {
				ASSETCATALOG_COMPILER_APPICON_NAME = AppIcon;
				INFOPLIST_FILE = ImagePicker/Info.plist;
				LD_RUNPATH_SEARCH_PATHS = "$(inherited) @executable_path/Frameworks";
				PRODUCT_BUNDLE_IDENTIFIER = kgerov.ImagePicker;
				PRODUCT_NAME = "$(TARGET_NAME)";
			};
			name = Release;
		};
		985A81B91D1DD10D00EEA501 /* Debug */ = {
			isa = XCBuildConfiguration;
			buildSettings = {
				BUNDLE_LOADER = "$(TEST_HOST)";
				INFOPLIST_FILE = ImagePickerTests/Info.plist;
				LD_RUNPATH_SEARCH_PATHS = "$(inherited) @executable_path/Frameworks @loader_path/Frameworks";
				PRODUCT_BUNDLE_IDENTIFIER = kgerov.ImagePickerTests;
				PRODUCT_NAME = "$(TARGET_NAME)";
				TEST_HOST = "$(BUILT_PRODUCTS_DIR)/ImagePicker.app/ImagePicker";
			};
			name = Debug;
		};
		985A81BA1D1DD10D00EEA501 /* Release */ = {
			isa = XCBuildConfiguration;
			buildSettings = {
				BUNDLE_LOADER = "$(TEST_HOST)";
				INFOPLIST_FILE = ImagePickerTests/Info.plist;
				LD_RUNPATH_SEARCH_PATHS = "$(inherited) @executable_path/Frameworks @loader_path/Frameworks";
				PRODUCT_BUNDLE_IDENTIFIER = kgerov.ImagePickerTests;
				PRODUCT_NAME = "$(TARGET_NAME)";
				TEST_HOST = "$(BUILT_PRODUCTS_DIR)/ImagePicker.app/ImagePicker";
			};
			name = Release;
		};
		985A81BC1D1DD10D00EEA501 /* Debug */ = {
			isa = XCBuildConfiguration;
			buildSettings = {
				INFOPLIST_FILE = ImagePickerUITests/Info.plist;
				LD_RUNPATH_SEARCH_PATHS = "$(inherited) @executable_path/Frameworks @loader_path/Frameworks";
				PRODUCT_BUNDLE_IDENTIFIER = kgerov.ImagePickerUITests;
				PRODUCT_NAME = "$(TARGET_NAME)";
				TEST_TARGET_NAME = ImagePicker;
			};
			name = Debug;
		};
		985A81BD1D1DD10D00EEA501 /* Release */ = {
			isa = XCBuildConfiguration;
			buildSettings = {
				INFOPLIST_FILE = ImagePickerUITests/Info.plist;
				LD_RUNPATH_SEARCH_PATHS = "$(inherited) @executable_path/Frameworks @loader_path/Frameworks";
				PRODUCT_BUNDLE_IDENTIFIER = kgerov.ImagePickerUITests;
				PRODUCT_NAME = "$(TARGET_NAME)";
				TEST_TARGET_NAME = ImagePicker;
			};
			name = Release;
		};
/* End XCBuildConfiguration section */

/* Begin XCConfigurationList section */
		985A81881D1DD10D00EEA501 /* Build configuration list for PBXProject "ImagePicker" */ = {
			isa = XCConfigurationList;
			buildConfigurations = (
				985A81B31D1DD10D00EEA501 /* Debug */,
				985A81B41D1DD10D00EEA501 /* Release */,
			);
			defaultConfigurationIsVisible = 0;
			defaultConfigurationName = Release;
		};
		985A81B51D1DD10D00EEA501 /* Build configuration list for PBXNativeTarget "ImagePicker" */ = {
			isa = XCConfigurationList;
			buildConfigurations = (
				985A81B61D1DD10D00EEA501 /* Debug */,
				985A81B71D1DD10D00EEA501 /* Release */,
			);
			defaultConfigurationIsVisible = 0;
		};
		985A81B81D1DD10D00EEA501 /* Build configuration list for PBXNativeTarget "ImagePickerTests" */ = {
			isa = XCConfigurationList;
			buildConfigurations = (
				985A81B91D1DD10D00EEA501 /* Debug */,
				985A81BA1D1DD10D00EEA501 /* Release */,
			);
			defaultConfigurationIsVisible = 0;
		};
		985A81BB1D1DD10D00EEA501 /* Build configuration list for PBXNativeTarget "ImagePickerUITests" */ = {
			isa = XCConfigurationList;
			buildConfigurations = (
				985A81BC1D1DD10D00EEA501 /* Debug */,
				985A81BD1D1DD10D00EEA501 /* Release */,
			);
			defaultConfigurationIsVisible = 0;
		};
/* End XCConfigurationList section */
	};
	rootObject = 985A81851D1DD10D00EEA501 /* Project object */;
}
