// !$*UTF8*$!
{
	archiveVersion = 1;
	classes = {
	};
	objectVersion = 46;
	objects = {

/* Begin PBXBuildFile section */
		986801761D1C2B5A000500F9 /* AppDelegate.swift in Sources */ = {isa = PBXBuildFile; fileRef = 986801751D1C2B5A000500F9 /* AppDelegate.swift */; };
		986801781D1C2B5A000500F9 /* ViewController.swift in Sources */ = {isa = PBXBuildFile; fileRef = 986801771D1C2B5A000500F9 /* ViewController.swift */; };
		9868017B1D1C2B5A000500F9 /* Main.storyboard in Resources */ = {isa = PBXBuildFile; fileRef = 986801791D1C2B5A000500F9 /* Main.storyboard */; };
		9868017D1D1C2B5A000500F9 /* Assets.xcassets in Resources */ = {isa = PBXBuildFile; fileRef = 9868017C1D1C2B5A000500F9 /* Assets.xcassets */; };
		986801801D1C2B5A000500F9 /* LaunchScreen.storyboard in Resources */ = {isa = PBXBuildFile; fileRef = 9868017E1D1C2B5A000500F9 /* LaunchScreen.storyboard */; };
		9868018B1D1C2B5A000500F9 /* ColorSwitchTests.swift in Sources */ = {isa = PBXBuildFile; fileRef = 9868018A1D1C2B5A000500F9 /* ColorSwitchTests.swift */; };
		986801961D1C2B5A000500F9 /* ColorSwitchUITests.swift in Sources */ = {isa = PBXBuildFile; fileRef = 986801951D1C2B5A000500F9 /* ColorSwitchUITests.swift */; };
/* End PBXBuildFile section */

/* Begin PBXContainerItemProxy section */
		986801871D1C2B5A000500F9 /* PBXContainerItemProxy */ = {
			isa = PBXContainerItemProxy;
			containerPortal = 9868016A1D1C2B5A000500F9 /* Project object */;
			proxyType = 1;
			remoteGlobalIDString = 986801711D1C2B5A000500F9;
			remoteInfo = ColorSwitch;
		};
		986801921D1C2B5A000500F9 /* PBXContainerItemProxy */ = {
			isa = PBXContainerItemProxy;
			containerPortal = 9868016A1D1C2B5A000500F9 /* Project object */;
			proxyType = 1;
			remoteGlobalIDString = 986801711D1C2B5A000500F9;
			remoteInfo = ColorSwitch;
		};
/* End PBXContainerItemProxy section */

/* Begin PBXFileReference section */
		986801721D1C2B5A000500F9 /* ColorSwitch.app */ = {isa = PBXFileReference; explicitFileType = wrapper.application; includeInIndex = 0; path = ColorSwitch.app; sourceTree = BUILT_PRODUCTS_DIR; };
		986801751D1C2B5A000500F9 /* AppDelegate.swift */ = {isa = PBXFileReference; lastKnownFileType = sourcecode.swift; path = AppDelegate.swift; sourceTree = "<group>"; };
		986801771D1C2B5A000500F9 /* ViewController.swift */ = {isa = PBXFileReference; lastKnownFileType = sourcecode.swift; path = ViewController.swift; sourceTree = "<group>"; };
		9868017A1D1C2B5A000500F9 /* Base */ = {isa = PBXFileReference; lastKnownFileType = file.storyboard; name = Base; path = Base.lproj/Main.storyboard; sourceTree = "<group>"; };
		9868017C1D1C2B5A000500F9 /* Assets.xcassets */ = {isa = PBXFileReference; lastKnownFileType = folder.assetcatalog; path = Assets.xcassets; sourceTree = "<group>"; };
		9868017F1D1C2B5A000500F9 /* Base */ = {isa = PBXFileReference; lastKnownFileType = file.storyboard; name = Base; path = Base.lproj/LaunchScreen.storyboard; sourceTree = "<group>"; };
		986801811D1C2B5A000500F9 /* Info.plist */ = {isa = PBXFileReference; lastKnownFileType = text.plist.xml; path = Info.plist; sourceTree = "<group>"; };
		986801861D1C2B5A000500F9 /* ColorSwitchTests.xctest */ = {isa = PBXFileReference; explicitFileType = wrapper.cfbundle; includeInIndex = 0; path = ColorSwitchTests.xctest; sourceTree = BUILT_PRODUCTS_DIR; };
		9868018A1D1C2B5A000500F9 /* ColorSwitchTests.swift */ = {isa = PBXFileReference; lastKnownFileType = sourcecode.swift; path = ColorSwitchTests.swift; sourceTree = "<group>"; };
		9868018C1D1C2B5A000500F9 /* Info.plist */ = {isa = PBXFileReference; lastKnownFileType = text.plist.xml; path = Info.plist; sourceTree = "<group>"; };
		986801911D1C2B5A000500F9 /* ColorSwitchUITests.xctest */ = {isa = PBXFileReference; explicitFileType = wrapper.cfbundle; includeInIndex = 0; path = ColorSwitchUITests.xctest; sourceTree = BUILT_PRODUCTS_DIR; };
		986801951D1C2B5A000500F9 /* ColorSwitchUITests.swift */ = {isa = PBXFileReference; lastKnownFileType = sourcecode.swift; path = ColorSwitchUITests.swift; sourceTree = "<group>"; };
		986801971D1C2B5A000500F9 /* Info.plist */ = {isa = PBXFileReference; lastKnownFileType = text.plist.xml; path = Info.plist; sourceTree = "<group>"; };
/* End PBXFileReference section */

/* Begin PBXFrameworksBuildPhase section */
		9868016F1D1C2B5A000500F9 /* Frameworks */ = {
			isa = PBXFrameworksBuildPhase;
			buildActionMask = 2147483647;
			files = (
			);
			runOnlyForDeploymentPostprocessing = 0;
		};
		986801831D1C2B5A000500F9 /* Frameworks */ = {
			isa = PBXFrameworksBuildPhase;
			buildActionMask = 2147483647;
			files = (
			);
			runOnlyForDeploymentPostprocessing = 0;
		};
		9868018E1D1C2B5A000500F9 /* Frameworks */ = {
			isa = PBXFrameworksBuildPhase;
			buildActionMask = 2147483647;
			files = (
			);
			runOnlyForDeploymentPostprocessing = 0;
		};
/* End PBXFrameworksBuildPhase section */

/* Begin PBXGroup section */
		986801691D1C2B5A000500F9 = {
			isa = PBXGroup;
			children = (
				986801741D1C2B5A000500F9 /* ColorSwitch */,
				986801891D1C2B5A000500F9 /* ColorSwitchTests */,
				986801941D1C2B5A000500F9 /* ColorSwitchUITests */,
				986801731D1C2B5A000500F9 /* Products */,
			);
			sourceTree = "<group>";
		};
		986801731D1C2B5A000500F9 /* Products */ = {
			isa = PBXGroup;
			children = (
				986801721D1C2B5A000500F9 /* ColorSwitch.app */,
				986801861D1C2B5A000500F9 /* ColorSwitchTests.xctest */,
				986801911D1C2B5A000500F9 /* ColorSwitchUITests.xctest */,
			);
			name = Products;
			sourceTree = "<group>";
		};
		986801741D1C2B5A000500F9 /* ColorSwitch */ = {
			isa = PBXGroup;
			children = (
				986801751D1C2B5A000500F9 /* AppDelegate.swift */,
				986801771D1C2B5A000500F9 /* ViewController.swift */,
				986801791D1C2B5A000500F9 /* Main.storyboard */,
				9868017C1D1C2B5A000500F9 /* Assets.xcassets */,
				9868017E1D1C2B5A000500F9 /* LaunchScreen.storyboard */,
				986801811D1C2B5A000500F9 /* Info.plist */,
			);
			path = ColorSwitch;
			sourceTree = "<group>";
		};
		986801891D1C2B5A000500F9 /* ColorSwitchTests */ = {
			isa = PBXGroup;
			children = (
				9868018A1D1C2B5A000500F9 /* ColorSwitchTests.swift */,
				9868018C1D1C2B5A000500F9 /* Info.plist */,
			);
			path = ColorSwitchTests;
			sourceTree = "<group>";
		};
		986801941D1C2B5A000500F9 /* ColorSwitchUITests */ = {
			isa = PBXGroup;
			children = (
				986801951D1C2B5A000500F9 /* ColorSwitchUITests.swift */,
				986801971D1C2B5A000500F9 /* Info.plist */,
			);
			path = ColorSwitchUITests;
			sourceTree = "<group>";
		};
/* End PBXGroup section */

/* Begin PBXNativeTarget section */
		986801711D1C2B5A000500F9 /* ColorSwitch */ = {
			isa = PBXNativeTarget;
			buildConfigurationList = 9868019A1D1C2B5A000500F9 /* Build configuration list for PBXNativeTarget "ColorSwitch" */;
			buildPhases = (
				9868016E1D1C2B5A000500F9 /* Sources */,
				9868016F1D1C2B5A000500F9 /* Frameworks */,
				986801701D1C2B5A000500F9 /* Resources */,
			);
			buildRules = (
			);
			dependencies = (
			);
			name = ColorSwitch;
			productName = ColorSwitch;
			productReference = 986801721D1C2B5A000500F9 /* ColorSwitch.app */;
			productType = "com.apple.product-type.application";
		};
		986801851D1C2B5A000500F9 /* ColorSwitchTests */ = {
			isa = PBXNativeTarget;
			buildConfigurationList = 9868019D1D1C2B5A000500F9 /* Build configuration list for PBXNativeTarget "ColorSwitchTests" */;
			buildPhases = (
				986801821D1C2B5A000500F9 /* Sources */,
				986801831D1C2B5A000500F9 /* Frameworks */,
				986801841D1C2B5A000500F9 /* Resources */,
			);
			buildRules = (
			);
			dependencies = (
				986801881D1C2B5A000500F9 /* PBXTargetDependency */,
			);
			name = ColorSwitchTests;
			productName = ColorSwitchTests;
			productReference = 986801861D1C2B5A000500F9 /* ColorSwitchTests.xctest */;
			productType = "com.apple.product-type.bundle.unit-test";
		};
		986801901D1C2B5A000500F9 /* ColorSwitchUITests */ = {
			isa = PBXNativeTarget;
			buildConfigurationList = 986801A01D1C2B5A000500F9 /* Build configuration list for PBXNativeTarget "ColorSwitchUITests" */;
			buildPhases = (
				9868018D1D1C2B5A000500F9 /* Sources */,
				9868018E1D1C2B5A000500F9 /* Frameworks */,
				9868018F1D1C2B5A000500F9 /* Resources */,
			);
			buildRules = (
			);
			dependencies = (
				986801931D1C2B5A000500F9 /* PBXTargetDependency */,
			);
			name = ColorSwitchUITests;
			productName = ColorSwitchUITests;
			productReference = 986801911D1C2B5A000500F9 /* ColorSwitchUITests.xctest */;
			productType = "com.apple.product-type.bundle.ui-testing";
		};
/* End PBXNativeTarget section */

/* Begin PBXProject section */
		9868016A1D1C2B5A000500F9 /* Project object */ = {
			isa = PBXProject;
			attributes = {
				LastSwiftUpdateCheck = 0730;
				LastUpgradeCheck = 0730;
				ORGANIZATIONNAME = "Konstantin Gerov";
				TargetAttributes = {
					986801711D1C2B5A000500F9 = {
						CreatedOnToolsVersion = 7.3.1;
					};
					986801851D1C2B5A000500F9 = {
						CreatedOnToolsVersion = 7.3.1;
						TestTargetID = 986801711D1C2B5A000500F9;
					};
					986801901D1C2B5A000500F9 = {
						CreatedOnToolsVersion = 7.3.1;
						TestTargetID = 986801711D1C2B5A000500F9;
					};
				};
			};
			buildConfigurationList = 9868016D1D1C2B5A000500F9 /* Build configuration list for PBXProject "ColorSwitch" */;
			compatibilityVersion = "Xcode 3.2";
			developmentRegion = English;
			hasScannedForEncodings = 0;
			knownRegions = (
				en,
				Base,
			);
			mainGroup = 986801691D1C2B5A000500F9;
			productRefGroup = 986801731D1C2B5A000500F9 /* Products */;
			projectDirPath = "";
			projectRoot = "";
			targets = (
				986801711D1C2B5A000500F9 /* ColorSwitch */,
				986801851D1C2B5A000500F9 /* ColorSwitchTests */,
				986801901D1C2B5A000500F9 /* ColorSwitchUITests */,
			);
		};
/* End PBXProject section */

/* Begin PBXResourcesBuildPhase section */
		986801701D1C2B5A000500F9 /* Resources */ = {
			isa = PBXResourcesBuildPhase;
			buildActionMask = 2147483647;
			files = (
				986801801D1C2B5A000500F9 /* LaunchScreen.storyboard in Resources */,
				9868017D1D1C2B5A000500F9 /* Assets.xcassets in Resources */,
				9868017B1D1C2B5A000500F9 /* Main.storyboard in Resources */,
			);
			runOnlyForDeploymentPostprocessing = 0;
		};
		986801841D1C2B5A000500F9 /* Resources */ = {
			isa = PBXResourcesBuildPhase;
			buildActionMask = 2147483647;
			files = (
			);
			runOnlyForDeploymentPostprocessing = 0;
		};
		9868018F1D1C2B5A000500F9 /* Resources */ = {
			isa = PBXResourcesBuildPhase;
			buildActionMask = 2147483647;
			files = (
			);
			runOnlyForDeploymentPostprocessing = 0;
		};
/* End PBXResourcesBuildPhase section */

/* Begin PBXSourcesBuildPhase section */
		9868016E1D1C2B5A000500F9 /* Sources */ = {
			isa = PBXSourcesBuildPhase;
			buildActionMask = 2147483647;
			files = (
				986801781D1C2B5A000500F9 /* ViewController.swift in Sources */,
				986801761D1C2B5A000500F9 /* AppDelegate.swift in Sources */,
			);
			runOnlyForDeploymentPostprocessing = 0;
		};
		986801821D1C2B5A000500F9 /* Sources */ = {
			isa = PBXSourcesBuildPhase;
			buildActionMask = 2147483647;
			files = (
				9868018B1D1C2B5A000500F9 /* ColorSwitchTests.swift in Sources */,
			);
			runOnlyForDeploymentPostprocessing = 0;
		};
		9868018D1D1C2B5A000500F9 /* Sources */ = {
			isa = PBXSourcesBuildPhase;
			buildActionMask = 2147483647;
			files = (
				986801961D1C2B5A000500F9 /* ColorSwitchUITests.swift in Sources */,
			);
			runOnlyForDeploymentPostprocessing = 0;
		};
/* End PBXSourcesBuildPhase section */

/* Begin PBXTargetDependency section */
		986801881D1C2B5A000500F9 /* PBXTargetDependency */ = {
			isa = PBXTargetDependency;
			target = 986801711D1C2B5A000500F9 /* ColorSwitch */;
			targetProxy = 986801871D1C2B5A000500F9 /* PBXContainerItemProxy */;
		};
		986801931D1C2B5A000500F9 /* PBXTargetDependency */ = {
			isa = PBXTargetDependency;
			target = 986801711D1C2B5A000500F9 /* ColorSwitch */;
			targetProxy = 986801921D1C2B5A000500F9 /* PBXContainerItemProxy */;
		};
/* End PBXTargetDependency section */

/* Begin PBXVariantGroup section */
		986801791D1C2B5A000500F9 /* Main.storyboard */ = {
			isa = PBXVariantGroup;
			children = (
				9868017A1D1C2B5A000500F9 /* Base */,
			);
			name = Main.storyboard;
			sourceTree = "<group>";
		};
		9868017E1D1C2B5A000500F9 /* LaunchScreen.storyboard */ = {
			isa = PBXVariantGroup;
			children = (
				9868017F1D1C2B5A000500F9 /* Base */,
			);
			name = LaunchScreen.storyboard;
			sourceTree = "<group>";
		};
/* End PBXVariantGroup section */

/* Begin XCBuildConfiguration section */
		986801981D1C2B5A000500F9 /* Debug */ = {
			isa = XCBuildConfiguration;
			buildSettings = {
				ALWAYS_SEARCH_USER_PATHS = NO;
				CLANG_ANALYZER_NONNULL = YES;
				CLANG_CXX_LANGUAGE_STANDARD = "gnu++0x";
				CLANG_CXX_LIBRARY = "libc++";
				CLANG_ENABLE_MODULES = YES;
				CLANG_ENABLE_OBJC_ARC = YES;
				CLANG_WARN_BOOL_CONVERSION = YES;
				CLANG_WARN_CONSTANT_CONVERSION = YES;
				CLANG_WARN_DIRECT_OBJC_ISA_USAGE = YES_ERROR;
				CLANG_WARN_EMPTY_BODY = YES;
				CLANG_WARN_ENUM_CONVERSION = YES;
				CLANG_WARN_INT_CONVERSION = YES;
				CLANG_WARN_OBJC_ROOT_CLASS = YES_ERROR;
				CLANG_WARN_UNREACHABLE_CODE = YES;
				CLANG_WARN__DUPLICATE_METHOD_MATCH = YES;
				"CODE_SIGN_IDENTITY[sdk=iphoneos*]" = "iPhone Developer";
				COPY_PHASE_STRIP = NO;
				DEBUG_INFORMATION_FORMAT = dwarf;
				ENABLE_STRICT_OBJC_MSGSEND = YES;
				ENABLE_TESTABILITY = YES;
				GCC_C_LANGUAGE_STANDARD = gnu99;
				GCC_DYNAMIC_NO_PIC = NO;
				GCC_NO_COMMON_BLOCKS = YES;
				GCC_OPTIMIZATION_LEVEL = 0;
				GCC_PREPROCESSOR_DEFINITIONS = (
					"DEBUG=1",
					"$(inherited)",
				);
				GCC_WARN_64_TO_32_BIT_CONVERSION = YES;
				GCC_WARN_ABOUT_RETURN_TYPE = YES_ERROR;
				GCC_WARN_UNDECLARED_SELECTOR = YES;
				GCC_WARN_UNINITIALIZED_AUTOS = YES_AGGRESSIVE;
				GCC_WARN_UNUSED_FUNCTION = YES;
				GCC_WARN_UNUSED_VARIABLE = YES;
				IPHONEOS_DEPLOYMENT_TARGET = 9.3;
				MTL_ENABLE_DEBUG_INFO = YES;
				ONLY_ACTIVE_ARCH = YES;
				SDKROOT = iphoneos;
				SWIFT_OPTIMIZATION_LEVEL = "-Onone";
				TARGETED_DEVICE_FAMILY = "1,2";
			};
			name = Debug;
		};
		986801991D1C2B5A000500F9 /* Release */ = {
			isa = XCBuildConfiguration;
			buildSettings = {
				ALWAYS_SEARCH_USER_PATHS = NO;
				CLANG_ANALYZER_NONNULL = YES;
				CLANG_CXX_LANGUAGE_STANDARD = "gnu++0x";
				CLANG_CXX_LIBRARY = "libc++";
				CLANG_ENABLE_MODULES = YES;
				CLANG_ENABLE_OBJC_ARC = YES;
				CLANG_WARN_BOOL_CONVERSION = YES;
				CLANG_WARN_CONSTANT_CONVERSION = YES;
				CLANG_WARN_DIRECT_OBJC_ISA_USAGE = YES_ERROR;
				CLANG_WARN_EMPTY_BODY = YES;
				CLANG_WARN_ENUM_CONVERSION = YES;
				CLANG_WARN_INT_CONVERSION = YES;
				CLANG_WARN_OBJC_ROOT_CLASS = YES_ERROR;
				CLANG_WARN_UNREACHABLE_CODE = YES;
				CLANG_WARN__DUPLICATE_METHOD_MATCH = YES;
				"CODE_SIGN_IDENTITY[sdk=iphoneos*]" = "iPhone Developer";
				COPY_PHASE_STRIP = NO;
				DEBUG_INFORMATION_FORMAT = "dwarf-with-dsym";
				ENABLE_NS_ASSERTIONS = NO;
				ENABLE_STRICT_OBJC_MSGSEND = YES;
				GCC_C_LANGUAGE_STANDARD = gnu99;
				GCC_NO_COMMON_BLOCKS = YES;
				GCC_WARN_64_TO_32_BIT_CONVERSION = YES;
				GCC_WARN_ABOUT_RETURN_TYPE = YES_ERROR;
				GCC_WARN_UNDECLARED_SELECTOR = YES;
				GCC_WARN_UNINITIALIZED_AUTOS = YES_AGGRESSIVE;
				GCC_WARN_UNUSED_FUNCTION = YES;
				GCC_WARN_UNUSED_VARIABLE = YES;
				IPHONEOS_DEPLOYMENT_TARGET = 9.3;
				MTL_ENABLE_DEBUG_INFO = NO;
				SDKROOT = iphoneos;
				TARGETED_DEVICE_FAMILY = "1,2";
				VALIDATE_PRODUCT = YES;
			};
			name = Release;
		};
		9868019B1D1C2B5A000500F9 /* Debug */ = {
			isa = XCBuildConfiguration;
			buildSettings = {
				ASSETCATALOG_COMPILER_APPICON_NAME = AppIcon;
				INFOPLIST_FILE = ColorSwitch/Info.plist;
				LD_RUNPATH_SEARCH_PATHS = "$(inherited) @executable_path/Frameworks";
				PRODUCT_BUNDLE_IDENTIFIER = kgerov.ColorSwitch;
				PRODUCT_NAME = "$(TARGET_NAME)";
			};
			name = Debug;
		};
		9868019C1D1C2B5A000500F9 /* Release */ = {
			isa = XCBuildConfiguration;
			buildSettings = {
				ASSETCATALOG_COMPILER_APPICON_NAME = AppIcon;
				INFOPLIST_FILE = ColorSwitch/Info.plist;
				LD_RUNPATH_SEARCH_PATHS = "$(inherited) @executable_path/Frameworks";
				PRODUCT_BUNDLE_IDENTIFIER = kgerov.ColorSwitch;
				PRODUCT_NAME = "$(TARGET_NAME)";
			};
			name = Release;
		};
		9868019E1D1C2B5A000500F9 /* Debug */ = {
			isa = XCBuildConfiguration;
			buildSettings = {
				BUNDLE_LOADER = "$(TEST_HOST)";
				INFOPLIST_FILE = ColorSwitchTests/Info.plist;
				LD_RUNPATH_SEARCH_PATHS = "$(inherited) @executable_path/Frameworks @loader_path/Frameworks";
				PRODUCT_BUNDLE_IDENTIFIER = kgerov.ColorSwitchTests;
				PRODUCT_NAME = "$(TARGET_NAME)";
				TEST_HOST = "$(BUILT_PRODUCTS_DIR)/ColorSwitch.app/ColorSwitch";
			};
			name = Debug;
		};
		9868019F1D1C2B5A000500F9 /* Release */ = {
			isa = XCBuildConfiguration;
			buildSettings = {
				BUNDLE_LOADER = "$(TEST_HOST)";
				INFOPLIST_FILE = ColorSwitchTests/Info.plist;
				LD_RUNPATH_SEARCH_PATHS = "$(inherited) @executable_path/Frameworks @loader_path/Frameworks";
				PRODUCT_BUNDLE_IDENTIFIER = kgerov.ColorSwitchTests;
				PRODUCT_NAME = "$(TARGET_NAME)";
				TEST_HOST = "$(BUILT_PRODUCTS_DIR)/ColorSwitch.app/ColorSwitch";
			};
			name = Release;
		};
		986801A11D1C2B5A000500F9 /* Debug */ = {
			isa = XCBuildConfiguration;
			buildSettings = {
				INFOPLIST_FILE = ColorSwitchUITests/Info.plist;
				LD_RUNPATH_SEARCH_PATHS = "$(inherited) @executable_path/Frameworks @loader_path/Frameworks";
				PRODUCT_BUNDLE_IDENTIFIER = kgerov.ColorSwitchUITests;
				PRODUCT_NAME = "$(TARGET_NAME)";
				TEST_TARGET_NAME = ColorSwitch;
			};
			name = Debug;
		};
		986801A21D1C2B5A000500F9 /* Release */ = {
			isa = XCBuildConfiguration;
			buildSettings = {
				INFOPLIST_FILE = ColorSwitchUITests/Info.plist;
				LD_RUNPATH_SEARCH_PATHS = "$(inherited) @executable_path/Frameworks @loader_path/Frameworks";
				PRODUCT_BUNDLE_IDENTIFIER = kgerov.ColorSwitchUITests;
				PRODUCT_NAME = "$(TARGET_NAME)";
				TEST_TARGET_NAME = ColorSwitch;
			};
			name = Release;
		};
/* End XCBuildConfiguration section */

/* Begin XCConfigurationList section */
		9868016D1D1C2B5A000500F9 /* Build configuration list for PBXProject "ColorSwitch" */ = {
			isa = XCConfigurationList;
			buildConfigurations = (
				986801981D1C2B5A000500F9 /* Debug */,
				986801991D1C2B5A000500F9 /* Release */,
			);
			defaultConfigurationIsVisible = 0;
			defaultConfigurationName = Release;
		};
		9868019A1D1C2B5A000500F9 /* Build configuration list for PBXNativeTarget "ColorSwitch" */ = {
			isa = XCConfigurationList;
			buildConfigurations = (
				9868019B1D1C2B5A000500F9 /* Debug */,
				9868019C1D1C2B5A000500F9 /* Release */,
			);
			defaultConfigurationIsVisible = 0;
		};
		9868019D1D1C2B5A000500F9 /* Build configuration list for PBXNativeTarget "ColorSwitchTests" */ = {
			isa = XCConfigurationList;
			buildConfigurations = (
				9868019E1D1C2B5A000500F9 /* Debug */,
				9868019F1D1C2B5A000500F9 /* Release */,
			);
			defaultConfigurationIsVisible = 0;
		};
		986801A01D1C2B5A000500F9 /* Build configuration list for PBXNativeTarget "ColorSwitchUITests" */ = {
			isa = XCConfigurationList;
			buildConfigurations = (
				986801A11D1C2B5A000500F9 /* Debug */,
				986801A21D1C2B5A000500F9 /* Release */,
			);
			defaultConfigurationIsVisible = 0;
		};
/* End XCConfigurationList section */
	};
	rootObject = 9868016A1D1C2B5A000500F9 /* Project object */;
}
