// !$*UTF8*$!
{
	archiveVersion = 1;
	classes = {
	};
	objectVersion = 46;
	objects = {

/* Begin PBXBuildFile section */
		980C47C51D2A61010074F88A /* AppDelegate.swift in Sources */ = {isa = PBXBuildFile; fileRef = 980C47C41D2A61010074F88A /* AppDelegate.swift */; };
		980C47C71D2A61010074F88A /* MemeEditorViewController.swift in Sources */ = {isa = PBXBuildFile; fileRef = 980C47C61D2A61010074F88A /* MemeEditorViewController.swift */; };
		980C47CA1D2A61010074F88A /* Main.storyboard in Resources */ = {isa = PBXBuildFile; fileRef = 980C47C81D2A61010074F88A /* Main.storyboard */; };
		980C47CC1D2A61010074F88A /* Assets.xcassets in Resources */ = {isa = PBXBuildFile; fileRef = 980C47CB1D2A61010074F88A /* Assets.xcassets */; };
		980C47CF1D2A61010074F88A /* LaunchScreen.storyboard in Resources */ = {isa = PBXBuildFile; fileRef = 980C47CD1D2A61010074F88A /* LaunchScreen.storyboard */; };
		980C47DA1D2A61010074F88A /* MemeMeTests.swift in Sources */ = {isa = PBXBuildFile; fileRef = 980C47D91D2A61010074F88A /* MemeMeTests.swift */; };
		980C47E51D2A61010074F88A /* MemeMeUITests.swift in Sources */ = {isa = PBXBuildFile; fileRef = 980C47E41D2A61010074F88A /* MemeMeUITests.swift */; };
		980C47F31D2A87EC0074F88A /* MemeTextFieldDelegate.swift in Sources */ = {isa = PBXBuildFile; fileRef = 980C47F21D2A87EC0074F88A /* MemeTextFieldDelegate.swift */; };
		980C47F51D2A8E6F0074F88A /* Meme.swift in Sources */ = {isa = PBXBuildFile; fileRef = 980C47F41D2A8E6F0074F88A /* Meme.swift */; };
		982879201D41104E00AADE4B /* MemeCollectionViewController.swift in Sources */ = {isa = PBXBuildFile; fileRef = 9828791F1D41104E00AADE4B /* MemeCollectionViewController.swift */; };
		982879261D422E7700AADE4B /* MemeTableViewController.swift in Sources */ = {isa = PBXBuildFile; fileRef = 982879251D422E7700AADE4B /* MemeTableViewController.swift */; };
		982879281D42911300AADE4B /* MemeTableViewCell.swift in Sources */ = {isa = PBXBuildFile; fileRef = 982879271D42911300AADE4B /* MemeTableViewCell.swift */; };
		9828792B1D42915900AADE4B /* MemeCollectionViewCell.swift in Sources */ = {isa = PBXBuildFile; fileRef = 9828792A1D42915900AADE4B /* MemeCollectionViewCell.swift */; };
		9828792D1D43671900AADE4B /* Constants.swift in Sources */ = {isa = PBXBuildFile; fileRef = 9828792C1D43671900AADE4B /* Constants.swift */; };
		9828792F1D43761B00AADE4B /* MemeDetailViewController.swift in Sources */ = {isa = PBXBuildFile; fileRef = 9828792E1D43761B00AADE4B /* MemeDetailViewController.swift */; };
/* End PBXBuildFile section */

/* Begin PBXContainerItemProxy section */
		980C47D61D2A61010074F88A /* PBXContainerItemProxy */ = {
			isa = PBXContainerItemProxy;
			containerPortal = 980C47B91D2A61010074F88A /* Project object */;
			proxyType = 1;
			remoteGlobalIDString = 980C47C01D2A61010074F88A;
			remoteInfo = MemeMe;
		};
		980C47E11D2A61010074F88A /* PBXContainerItemProxy */ = {
			isa = PBXContainerItemProxy;
			containerPortal = 980C47B91D2A61010074F88A /* Project object */;
			proxyType = 1;
			remoteGlobalIDString = 980C47C01D2A61010074F88A;
			remoteInfo = MemeMe;
		};
/* End PBXContainerItemProxy section */

/* Begin PBXFileReference section */
		980C47C11D2A61010074F88A /* MemeMe.app */ = {isa = PBXFileReference; explicitFileType = wrapper.application; includeInIndex = 0; path = MemeMe.app; sourceTree = BUILT_PRODUCTS_DIR; };
		980C47C41D2A61010074F88A /* AppDelegate.swift */ = {isa = PBXFileReference; lastKnownFileType = sourcecode.swift; path = AppDelegate.swift; sourceTree = "<group>"; };
		980C47C61D2A61010074F88A /* MemeEditorViewController.swift */ = {isa = PBXFileReference; lastKnownFileType = sourcecode.swift; path = MemeEditorViewController.swift; sourceTree = "<group>"; };
		980C47C91D2A61010074F88A /* Base */ = {isa = PBXFileReference; lastKnownFileType = file.storyboard; name = Base; path = Base.lproj/Main.storyboard; sourceTree = "<group>"; };
		980C47CB1D2A61010074F88A /* Assets.xcassets */ = {isa = PBXFileReference; lastKnownFileType = folder.assetcatalog; path = Assets.xcassets; sourceTree = "<group>"; };
		980C47CE1D2A61010074F88A /* Base */ = {isa = PBXFileReference; lastKnownFileType = file.storyboard; name = Base; path = Base.lproj/LaunchScreen.storyboard; sourceTree = "<group>"; };
		980C47D01D2A61010074F88A /* Info.plist */ = {isa = PBXFileReference; lastKnownFileType = text.plist.xml; path = Info.plist; sourceTree = "<group>"; };
		980C47D51D2A61010074F88A /* MemeMeTests.xctest */ = {isa = PBXFileReference; explicitFileType = wrapper.cfbundle; includeInIndex = 0; path = MemeMeTests.xctest; sourceTree = BUILT_PRODUCTS_DIR; };
		980C47D91D2A61010074F88A /* MemeMeTests.swift */ = {isa = PBXFileReference; lastKnownFileType = sourcecode.swift; path = MemeMeTests.swift; sourceTree = "<group>"; };
		980C47DB1D2A61010074F88A /* Info.plist */ = {isa = PBXFileReference; lastKnownFileType = text.plist.xml; path = Info.plist; sourceTree = "<group>"; };
		980C47E01D2A61010074F88A /* MemeMeUITests.xctest */ = {isa = PBXFileReference; explicitFileType = wrapper.cfbundle; includeInIndex = 0; path = MemeMeUITests.xctest; sourceTree = BUILT_PRODUCTS_DIR; };
		980C47E41D2A61010074F88A /* MemeMeUITests.swift */ = {isa = PBXFileReference; lastKnownFileType = sourcecode.swift; path = MemeMeUITests.swift; sourceTree = "<group>"; };
		980C47E61D2A61010074F88A /* Info.plist */ = {isa = PBXFileReference; lastKnownFileType = text.plist.xml; path = Info.plist; sourceTree = "<group>"; };
		980C47F21D2A87EC0074F88A /* MemeTextFieldDelegate.swift */ = {isa = PBXFileReference; fileEncoding = 4; lastKnownFileType = sourcecode.swift; path = MemeTextFieldDelegate.swift; sourceTree = "<group>"; };
		980C47F41D2A8E6F0074F88A /* Meme.swift */ = {isa = PBXFileReference; fileEncoding = 4; lastKnownFileType = sourcecode.swift; path = Meme.swift; sourceTree = "<group>"; };
		9828791F1D41104E00AADE4B /* MemeCollectionViewController.swift */ = {isa = PBXFileReference; fileEncoding = 4; lastKnownFileType = sourcecode.swift; path = MemeCollectionViewController.swift; sourceTree = "<group>"; };
		982879251D422E7700AADE4B /* MemeTableViewController.swift */ = {isa = PBXFileReference; fileEncoding = 4; lastKnownFileType = sourcecode.swift; path = MemeTableViewController.swift; sourceTree = "<group>"; };
		982879271D42911300AADE4B /* MemeTableViewCell.swift */ = {isa = PBXFileReference; fileEncoding = 4; lastKnownFileType = sourcecode.swift; path = MemeTableViewCell.swift; sourceTree = "<group>"; };
		9828792A1D42915900AADE4B /* MemeCollectionViewCell.swift */ = {isa = PBXFileReference; fileEncoding = 4; lastKnownFileType = sourcecode.swift; path = MemeCollectionViewCell.swift; sourceTree = "<group>"; };
		9828792C1D43671900AADE4B /* Constants.swift */ = {isa = PBXFileReference; fileEncoding = 4; lastKnownFileType = sourcecode.swift; name = Constants.swift; path = ../Constants.swift; sourceTree = "<group>"; };
		9828792E1D43761B00AADE4B /* MemeDetailViewController.swift */ = {isa = PBXFileReference; fileEncoding = 4; lastKnownFileType = sourcecode.swift; path = MemeDetailViewController.swift; sourceTree = "<group>"; };
/* End PBXFileReference section */

/* Begin PBXFrameworksBuildPhase section */
		980C47BE1D2A61010074F88A /* Frameworks */ = {
			isa = PBXFrameworksBuildPhase;
			buildActionMask = 2147483647;
			files = (
			);
			runOnlyForDeploymentPostprocessing = 0;
		};
		980C47D21D2A61010074F88A /* Frameworks */ = {
			isa = PBXFrameworksBuildPhase;
			buildActionMask = 2147483647;
			files = (
			);
			runOnlyForDeploymentPostprocessing = 0;
		};
		980C47DD1D2A61010074F88A /* Frameworks */ = {
			isa = PBXFrameworksBuildPhase;
			buildActionMask = 2147483647;
			files = (
			);
			runOnlyForDeploymentPostprocessing = 0;
		};
/* End PBXFrameworksBuildPhase section */

/* Begin PBXGroup section */
		980C47B81D2A61010074F88A = {
			isa = PBXGroup;
			children = (
				980C47C31D2A61010074F88A /* MemeMe */,
				980C47D81D2A61010074F88A /* MemeMeTests */,
				980C47E31D2A61010074F88A /* MemeMeUITests */,
				980C47C21D2A61010074F88A /* Products */,
			);
			sourceTree = "<group>";
		};
		980C47C21D2A61010074F88A /* Products */ = {
			isa = PBXGroup;
			children = (
				980C47C11D2A61010074F88A /* MemeMe.app */,
				980C47D51D2A61010074F88A /* MemeMeTests.xctest */,
				980C47E01D2A61010074F88A /* MemeMeUITests.xctest */,
			);
			name = Products;
			sourceTree = "<group>";
		};
		980C47C31D2A61010074F88A /* MemeMe */ = {
			isa = PBXGroup;
			children = (
				982879291D42913500AADE4B /* Cells */,
				980C47F71D2A8E900074F88A /* Models */,
				980C47F61D2A8E7A0074F88A /* Delegates */,
				980C47C41D2A61010074F88A /* AppDelegate.swift */,
				9828792E1D43761B00AADE4B /* MemeDetailViewController.swift */,
				980C47C61D2A61010074F88A /* MemeEditorViewController.swift */,
				9828791F1D41104E00AADE4B /* MemeCollectionViewController.swift */,
				982879251D422E7700AADE4B /* MemeTableViewController.swift */,
				9828792C1D43671900AADE4B /* Constants.swift */,
				980C47C81D2A61010074F88A /* Main.storyboard */,
				980C47CB1D2A61010074F88A /* Assets.xcassets */,
				980C47CD1D2A61010074F88A /* LaunchScreen.storyboard */,
				980C47D01D2A61010074F88A /* Info.plist */,
			);
			path = MemeMe;
			sourceTree = "<group>";
		};
		980C47D81D2A61010074F88A /* MemeMeTests */ = {
			isa = PBXGroup;
			children = (
				980C47D91D2A61010074F88A /* MemeMeTests.swift */,
				980C47DB1D2A61010074F88A /* Info.plist */,
			);
			path = MemeMeTests;
			sourceTree = "<group>";
		};
		980C47E31D2A61010074F88A /* MemeMeUITests */ = {
			isa = PBXGroup;
			children = (
				980C47E41D2A61010074F88A /* MemeMeUITests.swift */,
				980C47E61D2A61010074F88A /* Info.plist */,
			);
			path = MemeMeUITests;
			sourceTree = "<group>";
		};
		980C47F61D2A8E7A0074F88A /* Delegates */ = {
			isa = PBXGroup;
			children = (
				980C47F21D2A87EC0074F88A /* MemeTextFieldDelegate.swift */,
			);
			name = Delegates;
			sourceTree = "<group>";
		};
		980C47F71D2A8E900074F88A /* Models */ = {
			isa = PBXGroup;
			children = (
				980C47F41D2A8E6F0074F88A /* Meme.swift */,
			);
			name = Models;
			sourceTree = "<group>";
		};
		982879291D42913500AADE4B /* Cells */ = {
			isa = PBXGroup;
			children = (
				982879271D42911300AADE4B /* MemeTableViewCell.swift */,
				9828792A1D42915900AADE4B /* MemeCollectionViewCell.swift */,
			);
			name = Cells;
			sourceTree = "<group>";
		};
/* End PBXGroup section */

/* Begin PBXNativeTarget section */
		980C47C01D2A61010074F88A /* MemeMe */ = {
			isa = PBXNativeTarget;
			buildConfigurationList = 980C47E91D2A61010074F88A /* Build configuration list for PBXNativeTarget "MemeMe" */;
			buildPhases = (
				980C47BD1D2A61010074F88A /* Sources */,
				980C47BE1D2A61010074F88A /* Frameworks */,
				980C47BF1D2A61010074F88A /* Resources */,
			);
			buildRules = (
			);
			dependencies = (
			);
			name = MemeMe;
			productName = MemeMe;
			productReference = 980C47C11D2A61010074F88A /* MemeMe.app */;
			productType = "com.apple.product-type.application";
		};
		980C47D41D2A61010074F88A /* MemeMeTests */ = {
			isa = PBXNativeTarget;
			buildConfigurationList = 980C47EC1D2A61010074F88A /* Build configuration list for PBXNativeTarget "MemeMeTests" */;
			buildPhases = (
				980C47D11D2A61010074F88A /* Sources */,
				980C47D21D2A61010074F88A /* Frameworks */,
				980C47D31D2A61010074F88A /* Resources */,
			);
			buildRules = (
			);
			dependencies = (
				980C47D71D2A61010074F88A /* PBXTargetDependency */,
			);
			name = MemeMeTests;
			productName = MemeMeTests;
			productReference = 980C47D51D2A61010074F88A /* MemeMeTests.xctest */;
			productType = "com.apple.product-type.bundle.unit-test";
		};
		980C47DF1D2A61010074F88A /* MemeMeUITests */ = {
			isa = PBXNativeTarget;
			buildConfigurationList = 980C47EF1D2A61010074F88A /* Build configuration list for PBXNativeTarget "MemeMeUITests" */;
			buildPhases = (
				980C47DC1D2A61010074F88A /* Sources */,
				980C47DD1D2A61010074F88A /* Frameworks */,
				980C47DE1D2A61010074F88A /* Resources */,
			);
			buildRules = (
			);
			dependencies = (
				980C47E21D2A61010074F88A /* PBXTargetDependency */,
			);
			name = MemeMeUITests;
			productName = MemeMeUITests;
			productReference = 980C47E01D2A61010074F88A /* MemeMeUITests.xctest */;
			productType = "com.apple.product-type.bundle.ui-testing";
		};
/* End PBXNativeTarget section */

/* Begin PBXProject section */
		980C47B91D2A61010074F88A /* Project object */ = {
			isa = PBXProject;
			attributes = {
				LastSwiftUpdateCheck = 0730;
				LastUpgradeCheck = 0730;
				ORGANIZATIONNAME = "Konstantin Gerov";
				TargetAttributes = {
					980C47C01D2A61010074F88A = {
						CreatedOnToolsVersion = 7.3.1;
						DevelopmentTeam = 84P4W7CG5U;
					};
					980C47D41D2A61010074F88A = {
						CreatedOnToolsVersion = 7.3.1;
						TestTargetID = 980C47C01D2A61010074F88A;
					};
					980C47DF1D2A61010074F88A = {
						CreatedOnToolsVersion = 7.3.1;
						TestTargetID = 980C47C01D2A61010074F88A;
					};
				};
			};
			buildConfigurationList = 980C47BC1D2A61010074F88A /* Build configuration list for PBXProject "MemeMe" */;
			compatibilityVersion = "Xcode 3.2";
			developmentRegion = English;
			hasScannedForEncodings = 0;
			knownRegions = (
				en,
				Base,
			);
			mainGroup = 980C47B81D2A61010074F88A;
			productRefGroup = 980C47C21D2A61010074F88A /* Products */;
			projectDirPath = "";
			projectRoot = "";
			targets = (
				980C47C01D2A61010074F88A /* MemeMe */,
				980C47D41D2A61010074F88A /* MemeMeTests */,
				980C47DF1D2A61010074F88A /* MemeMeUITests */,
			);
		};
/* End PBXProject section */

/* Begin PBXResourcesBuildPhase section */
		980C47BF1D2A61010074F88A /* Resources */ = {
			isa = PBXResourcesBuildPhase;
			buildActionMask = 2147483647;
			files = (
				980C47CF1D2A61010074F88A /* LaunchScreen.storyboard in Resources */,
				980C47CC1D2A61010074F88A /* Assets.xcassets in Resources */,
				980C47CA1D2A61010074F88A /* Main.storyboard in Resources */,
			);
			runOnlyForDeploymentPostprocessing = 0;
		};
		980C47D31D2A61010074F88A /* Resources */ = {
			isa = PBXResourcesBuildPhase;
			buildActionMask = 2147483647;
			files = (
			);
			runOnlyForDeploymentPostprocessing = 0;
		};
		980C47DE1D2A61010074F88A /* Resources */ = {
			isa = PBXResourcesBuildPhase;
			buildActionMask = 2147483647;
			files = (
			);
			runOnlyForDeploymentPostprocessing = 0;
		};
/* End PBXResourcesBuildPhase section */

/* Begin PBXSourcesBuildPhase section */
		980C47BD1D2A61010074F88A /* Sources */ = {
			isa = PBXSourcesBuildPhase;
			buildActionMask = 2147483647;
			files = (
				980C47C71D2A61010074F88A /* MemeEditorViewController.swift in Sources */,
				980C47F51D2A8E6F0074F88A /* Meme.swift in Sources */,
				9828792B1D42915900AADE4B /* MemeCollectionViewCell.swift in Sources */,
				982879201D41104E00AADE4B /* MemeCollectionViewController.swift in Sources */,
				982879261D422E7700AADE4B /* MemeTableViewController.swift in Sources */,
				982879281D42911300AADE4B /* MemeTableViewCell.swift in Sources */,
				980C47F31D2A87EC0074F88A /* MemeTextFieldDelegate.swift in Sources */,
				980C47C51D2A61010074F88A /* AppDelegate.swift in Sources */,
				9828792D1D43671900AADE4B /* Constants.swift in Sources */,
				9828792F1D43761B00AADE4B /* MemeDetailViewController.swift in Sources */,
			);
			runOnlyForDeploymentPostprocessing = 0;
		};
		980C47D11D2A61010074F88A /* Sources */ = {
			isa = PBXSourcesBuildPhase;
			buildActionMask = 2147483647;
			files = (
				980C47DA1D2A61010074F88A /* MemeMeTests.swift in Sources */,
			);
			runOnlyForDeploymentPostprocessing = 0;
		};
		980C47DC1D2A61010074F88A /* Sources */ = {
			isa = PBXSourcesBuildPhase;
			buildActionMask = 2147483647;
			files = (
				980C47E51D2A61010074F88A /* MemeMeUITests.swift in Sources */,
			);
			runOnlyForDeploymentPostprocessing = 0;
		};
/* End PBXSourcesBuildPhase section */

/* Begin PBXTargetDependency section */
		980C47D71D2A61010074F88A /* PBXTargetDependency */ = {
			isa = PBXTargetDependency;
			target = 980C47C01D2A61010074F88A /* MemeMe */;
			targetProxy = 980C47D61D2A61010074F88A /* PBXContainerItemProxy */;
		};
		980C47E21D2A61010074F88A /* PBXTargetDependency */ = {
			isa = PBXTargetDependency;
			target = 980C47C01D2A61010074F88A /* MemeMe */;
			targetProxy = 980C47E11D2A61010074F88A /* PBXContainerItemProxy */;
		};
/* End PBXTargetDependency section */

/* Begin PBXVariantGroup section */
		980C47C81D2A61010074F88A /* Main.storyboard */ = {
			isa = PBXVariantGroup;
			children = (
				980C47C91D2A61010074F88A /* Base */,
			);
			name = Main.storyboard;
			sourceTree = "<group>";
		};
		980C47CD1D2A61010074F88A /* LaunchScreen.storyboard */ = {
			isa = PBXVariantGroup;
			children = (
				980C47CE1D2A61010074F88A /* Base */,
			);
			name = LaunchScreen.storyboard;
			sourceTree = "<group>";
		};
/* End PBXVariantGroup section */

/* Begin XCBuildConfiguration section */
		980C47E71D2A61010074F88A /* Debug */ = {
			isa = XCBuildConfiguration;
			buildSettings = {
				ALWAYS_SEARCH_USER_PATHS = NO;
				CLANG_ANALYZER_NONNULL = YES;
				CLANG_CXX_LANGUAGE_STANDARD = "gnu++0x";
				CLANG_CXX_LIBRARY = "libc++";
				CLANG_ENABLE_MODULES = YES;
				CLANG_ENABLE_OBJC_ARC = YES;
				CLANG_WARN_BOOL_CONVERSION = YES;
				CLANG_WARN_CONSTANT_CONVERSION = YES;
				CLANG_WARN_DIRECT_OBJC_ISA_USAGE = YES_ERROR;
				CLANG_WARN_EMPTY_BODY = YES;
				CLANG_WARN_ENUM_CONVERSION = YES;
				CLANG_WARN_INT_CONVERSION = YES;
				CLANG_WARN_OBJC_ROOT_CLASS = YES_ERROR;
				CLANG_WARN_UNREACHABLE_CODE = YES;
				CLANG_WARN__DUPLICATE_METHOD_MATCH = YES;
				"CODE_SIGN_IDENTITY[sdk=iphoneos*]" = "iPhone Developer";
				COPY_PHASE_STRIP = NO;
				DEBUG_INFORMATION_FORMAT = dwarf;
				ENABLE_STRICT_OBJC_MSGSEND = YES;
				ENABLE_TESTABILITY = YES;
				GCC_C_LANGUAGE_STANDARD = gnu99;
				GCC_DYNAMIC_NO_PIC = NO;
				GCC_NO_COMMON_BLOCKS = YES;
				GCC_OPTIMIZATION_LEVEL = 0;
				GCC_PREPROCESSOR_DEFINITIONS = (
					"DEBUG=1",
					"$(inherited)",
				);
				GCC_WARN_64_TO_32_BIT_CONVERSION = YES;
				GCC_WARN_ABOUT_RETURN_TYPE = YES_ERROR;
				GCC_WARN_UNDECLARED_SELECTOR = YES;
				GCC_WARN_UNINITIALIZED_AUTOS = YES_AGGRESSIVE;
				GCC_WARN_UNUSED_FUNCTION = YES;
				GCC_WARN_UNUSED_VARIABLE = YES;
				IPHONEOS_DEPLOYMENT_TARGET = 9.3;
				MTL_ENABLE_DEBUG_INFO = YES;
				ONLY_ACTIVE_ARCH = YES;
				SDKROOT = iphoneos;
				SWIFT_OPTIMIZATION_LEVEL = "-Onone";
				TARGETED_DEVICE_FAMILY = "1,2";
			};
			name = Debug;
		};
		980C47E81D2A61010074F88A /* Release */ = {
			isa = XCBuildConfiguration;
			buildSettings = {
				ALWAYS_SEARCH_USER_PATHS = NO;
				CLANG_ANALYZER_NONNULL = YES;
				CLANG_CXX_LANGUAGE_STANDARD = "gnu++0x";
				CLANG_CXX_LIBRARY = "libc++";
				CLANG_ENABLE_MODULES = YES;
				CLANG_ENABLE_OBJC_ARC = YES;
				CLANG_WARN_BOOL_CONVERSION = YES;
				CLANG_WARN_CONSTANT_CONVERSION = YES;
				CLANG_WARN_DIRECT_OBJC_ISA_USAGE = YES_ERROR;
				CLANG_WARN_EMPTY_BODY = YES;
				CLANG_WARN_ENUM_CONVERSION = YES;
				CLANG_WARN_INT_CONVERSION = YES;
				CLANG_WARN_OBJC_ROOT_CLASS = YES_ERROR;
				CLANG_WARN_UNREACHABLE_CODE = YES;
				CLANG_WARN__DUPLICATE_METHOD_MATCH = YES;
				"CODE_SIGN_IDENTITY[sdk=iphoneos*]" = "iPhone Developer";
				COPY_PHASE_STRIP = NO;
				DEBUG_INFORMATION_FORMAT = "dwarf-with-dsym";
				ENABLE_NS_ASSERTIONS = NO;
				ENABLE_STRICT_OBJC_MSGSEND = YES;
				GCC_C_LANGUAGE_STANDARD = gnu99;
				GCC_NO_COMMON_BLOCKS = YES;
				GCC_WARN_64_TO_32_BIT_CONVERSION = YES;
				GCC_WARN_ABOUT_RETURN_TYPE = YES_ERROR;
				GCC_WARN_UNDECLARED_SELECTOR = YES;
				GCC_WARN_UNINITIALIZED_AUTOS = YES_AGGRESSIVE;
				GCC_WARN_UNUSED_FUNCTION = YES;
				GCC_WARN_UNUSED_VARIABLE = YES;
				IPHONEOS_DEPLOYMENT_TARGET = 9.3;
				MTL_ENABLE_DEBUG_INFO = NO;
				SDKROOT = iphoneos;
				TARGETED_DEVICE_FAMILY = "1,2";
				VALIDATE_PRODUCT = YES;
			};
			name = Release;
		};
		980C47EA1D2A61010074F88A /* Debug */ = {
			isa = XCBuildConfiguration;
			buildSettings = {
				ASSETCATALOG_COMPILER_APPICON_NAME = AppIcon;
				CODE_SIGN_IDENTITY = "iPhone Developer";
				"CODE_SIGN_IDENTITY[sdk=iphoneos*]" = "iPhone Developer";
				INFOPLIST_FILE = MemeMe/Info.plist;
				LD_RUNPATH_SEARCH_PATHS = "$(inherited) @executable_path/Frameworks";
				PRODUCT_BUNDLE_IDENTIFIER = kgerov.MemeMe;
				PRODUCT_NAME = "$(TARGET_NAME)";
				PROVISIONING_PROFILE = "";
			};
			name = Debug;
		};
		980C47EB1D2A61010074F88A /* Release */ = {
			isa = XCBuildConfiguration;
			buildSettings = {
				ASSETCATALOG_COMPILER_APPICON_NAME = AppIcon;
				CODE_SIGN_IDENTITY = "iPhone Developer";
				"CODE_SIGN_IDENTITY[sdk=iphoneos*]" = "iPhone Developer";
				INFOPLIST_FILE = MemeMe/Info.plist;
				LD_RUNPATH_SEARCH_PATHS = "$(inherited) @executable_path/Frameworks";
				PRODUCT_BUNDLE_IDENTIFIER = kgerov.MemeMe;
				PRODUCT_NAME = "$(TARGET_NAME)";
				PROVISIONING_PROFILE = "";
			};
			name = Release;
		};
		980C47ED1D2A61010074F88A /* Debug */ = {
			isa = XCBuildConfiguration;
			buildSettings = {
				BUNDLE_LOADER = "$(TEST_HOST)";
				INFOPLIST_FILE = MemeMeTests/Info.plist;
				LD_RUNPATH_SEARCH_PATHS = "$(inherited) @executable_path/Frameworks @loader_path/Frameworks";
				PRODUCT_BUNDLE_IDENTIFIER = kgerov.MemeMeTests;
				PRODUCT_NAME = "$(TARGET_NAME)";
				TEST_HOST = "$(BUILT_PRODUCTS_DIR)/MemeMe.app/MemeMe";
			};
			name = Debug;
		};
		980C47EE1D2A61010074F88A /* Release */ = {
			isa = XCBuildConfiguration;
			buildSettings = {
				BUNDLE_LOADER = "$(TEST_HOST)";
				INFOPLIST_FILE = MemeMeTests/Info.plist;
				LD_RUNPATH_SEARCH_PATHS = "$(inherited) @executable_path/Frameworks @loader_path/Frameworks";
				PRODUCT_BUNDLE_IDENTIFIER = kgerov.MemeMeTests;
				PRODUCT_NAME = "$(TARGET_NAME)";
				TEST_HOST = "$(BUILT_PRODUCTS_DIR)/MemeMe.app/MemeMe";
			};
			name = Release;
		};
		980C47F01D2A61010074F88A /* Debug */ = {
			isa = XCBuildConfiguration;
			buildSettings = {
				INFOPLIST_FILE = MemeMeUITests/Info.plist;
				LD_RUNPATH_SEARCH_PATHS = "$(inherited) @executable_path/Frameworks @loader_path/Frameworks";
				PRODUCT_BUNDLE_IDENTIFIER = kgerov.MemeMeUITests;
				PRODUCT_NAME = "$(TARGET_NAME)";
				TEST_TARGET_NAME = MemeMe;
			};
			name = Debug;
		};
		980C47F11D2A61010074F88A /* Release */ = {
			isa = XCBuildConfiguration;
			buildSettings = {
				INFOPLIST_FILE = MemeMeUITests/Info.plist;
				LD_RUNPATH_SEARCH_PATHS = "$(inherited) @executable_path/Frameworks @loader_path/Frameworks";
				PRODUCT_BUNDLE_IDENTIFIER = kgerov.MemeMeUITests;
				PRODUCT_NAME = "$(TARGET_NAME)";
				TEST_TARGET_NAME = MemeMe;
			};
			name = Release;
		};
/* End XCBuildConfiguration section */

/* Begin XCConfigurationList section */
		980C47BC1D2A61010074F88A /* Build configuration list for PBXProject "MemeMe" */ = {
			isa = XCConfigurationList;
			buildConfigurations = (
				980C47E71D2A61010074F88A /* Debug */,
				980C47E81D2A61010074F88A /* Release */,
			);
			defaultConfigurationIsVisible = 0;
			defaultConfigurationName = Release;
		};
		980C47E91D2A61010074F88A /* Build configuration list for PBXNativeTarget "MemeMe" */ = {
			isa = XCConfigurationList;
			buildConfigurations = (
				980C47EA1D2A61010074F88A /* Debug */,
				980C47EB1D2A61010074F88A /* Release */,
			);
			defaultConfigurationIsVisible = 0;
			defaultConfigurationName = Release;
		};
		980C47EC1D2A61010074F88A /* Build configuration list for PBXNativeTarget "MemeMeTests" */ = {
			isa = XCConfigurationList;
			buildConfigurations = (
				980C47ED1D2A61010074F88A /* Debug */,
				980C47EE1D2A61010074F88A /* Release */,
			);
			defaultConfigurationIsVisible = 0;
			defaultConfigurationName = Release;
		};
		980C47EF1D2A61010074F88A /* Build configuration list for PBXNativeTarget "MemeMeUITests" */ = {
			isa = XCConfigurationList;
			buildConfigurations = (
				980C47F01D2A61010074F88A /* Debug */,
				980C47F11D2A61010074F88A /* Release */,
			);
			defaultConfigurationIsVisible = 0;
			defaultConfigurationName = Release;
		};
/* End XCConfigurationList section */
	};
	rootObject = 980C47B91D2A61010074F88A /* Project object */;
}
