// !$*UTF8*$!
{
	archiveVersion = 1;
	classes = {
	};
	objectVersion = 46;
	objects = {

/* Begin PBXBuildFile section */
		980ACE0D1D5A345C00EF5C1B /* BaseClient.swift in Sources */ = {isa = PBXBuildFile; fileRef = 980ACE0C1D5A345C00EF5C1B /* BaseClient.swift */; };
		980ACE0F1D5A4CA900EF5C1B /* ClientsConstants.swift in Sources */ = {isa = PBXBuildFile; fileRef = 980ACE0E1D5A4CA900EF5C1B /* ClientsConstants.swift */; };
		980ACE111D5A4FCA00EF5C1B /* UdacityResources.swift in Sources */ = {isa = PBXBuildFile; fileRef = 980ACE101D5A4FCA00EF5C1B /* UdacityResources.swift */; };
		980ACE131D5A86C500EF5C1B /* MapViewController.swift in Sources */ = {isa = PBXBuildFile; fileRef = 980ACE121D5A86C500EF5C1B /* MapViewController.swift */; };
		983F3FBC1D5A8E9100A9E86C /* ParseClient.swift in Sources */ = {isa = PBXBuildFile; fileRef = 983F3FBB1D5A8E9100A9E86C /* ParseClient.swift */; };
		983F3FBE1D5A8EEB00A9E86C /* ParseResources.swift in Sources */ = {isa = PBXBuildFile; fileRef = 983F3FBD1D5A8EEB00A9E86C /* ParseResources.swift */; };
		983F3FC01D5A8F1E00A9E86C /* StudentInformation.swift in Sources */ = {isa = PBXBuildFile; fileRef = 983F3FBF1D5A8F1E00A9E86C /* StudentInformation.swift */; };
		983F3FC81D5BBA9000A9E86C /* MapTableViewController.swift in Sources */ = {isa = PBXBuildFile; fileRef = 983F3FC71D5BBA9000A9E86C /* MapTableViewController.swift */; };
		983F3FCA1D5BBFD800A9E86C /* PinTableViewCell.swift in Sources */ = {isa = PBXBuildFile; fileRef = 983F3FC91D5BBFD800A9E86C /* PinTableViewCell.swift */; };
		983F3FCC1D5DBF4900A9E86C /* MapTabBarViewController.swift in Sources */ = {isa = PBXBuildFile; fileRef = 983F3FCB1D5DBF4900A9E86C /* MapTabBarViewController.swift */; };
		983F3FCE1D5DD93200A9E86C /* NotificationCenter.swift in Sources */ = {isa = PBXBuildFile; fileRef = 983F3FCD1D5DD93200A9E86C /* NotificationCenter.swift */; };
		983F3FD01D5DE0D900A9E86C /* StudentAccount.swift in Sources */ = {isa = PBXBuildFile; fileRef = 983F3FCF1D5DE0D900A9E86C /* StudentAccount.swift */; };
		983F3FD21D5DF96900A9E86C /* BorderedButton.swift in Sources */ = {isa = PBXBuildFile; fileRef = 983F3FD11D5DF96900A9E86C /* BorderedButton.swift */; };
		983F3FD41D5E15A700A9E86C /* InputLocationViewController.swift in Sources */ = {isa = PBXBuildFile; fileRef = 983F3FD31D5E15A700A9E86C /* InputLocationViewController.swift */; };
		983F3FD81D5E74E200A9E86C /* LinkTextField.swift in Sources */ = {isa = PBXBuildFile; fileRef = 983F3FD71D5E74E200A9E86C /* LinkTextField.swift */; };
		983F3FDA1D5E771300A9E86C /* LinkInputViewController.swift in Sources */ = {isa = PBXBuildFile; fileRef = 983F3FD91D5E771300A9E86C /* LinkInputViewController.swift */; };
		983F3FDD1D5E9E7100A9E86C /* DataReloadable.swift in Sources */ = {isa = PBXBuildFile; fileRef = 983F3FDC1D5E9E7100A9E86C /* DataReloadable.swift */; };
		989CED371D538A810014A7B7 /* AppDelegate.swift in Sources */ = {isa = PBXBuildFile; fileRef = 989CED361D538A810014A7B7 /* AppDelegate.swift */; };
		989CED3C1D538A810014A7B7 /* Main.storyboard in Resources */ = {isa = PBXBuildFile; fileRef = 989CED3A1D538A810014A7B7 /* Main.storyboard */; };
		989CED3E1D538A810014A7B7 /* Assets.xcassets in Resources */ = {isa = PBXBuildFile; fileRef = 989CED3D1D538A810014A7B7 /* Assets.xcassets */; };
		989CED411D538A810014A7B7 /* LaunchScreen.storyboard in Resources */ = {isa = PBXBuildFile; fileRef = 989CED3F1D538A810014A7B7 /* LaunchScreen.storyboard */; };
		989CED4C1D538A810014A7B7 /* OnTheMapTests.swift in Sources */ = {isa = PBXBuildFile; fileRef = 989CED4B1D538A810014A7B7 /* OnTheMapTests.swift */; };
		989CED571D538A810014A7B7 /* OnTheMapUITests.swift in Sources */ = {isa = PBXBuildFile; fileRef = 989CED561D538A810014A7B7 /* OnTheMapUITests.swift */; };
		989CED681D54E6520014A7B7 /* Roboto-Medium.ttf in Resources */ = {isa = PBXBuildFile; fileRef = 989CED651D54E6520014A7B7 /* Roboto-Medium.ttf */; };
		989CED691D54E6520014A7B7 /* Roboto-Regular.ttf in Resources */ = {isa = PBXBuildFile; fileRef = 989CED661D54E6520014A7B7 /* Roboto-Regular.ttf */; };
		989CED6A1D54E6520014A7B7 /* Roboto-Thin.ttf in Resources */ = {isa = PBXBuildFile; fileRef = 989CED671D54E6520014A7B7 /* Roboto-Thin.ttf */; };
		989CED6E1D57093A0014A7B7 /* GCDBlackBox.swift in Sources */ = {isa = PBXBuildFile; fileRef = 989CED6D1D57093A0014A7B7 /* GCDBlackBox.swift */; };
		989CED721D57999A0014A7B7 /* LoginViewController.swift in Sources */ = {isa = PBXBuildFile; fileRef = 989CED711D57999A0014A7B7 /* LoginViewController.swift */; };
		989CED751D58D9E90014A7B7 /* LoginTextField.swift in Sources */ = {isa = PBXBuildFile; fileRef = 989CED741D58D9E90014A7B7 /* LoginTextField.swift */; };
		989CED7A1D58DB680014A7B7 /* UdacityClient.swift in Sources */ = {isa = PBXBuildFile; fileRef = 989CED791D58DB680014A7B7 /* UdacityClient.swift */; };
/* End PBXBuildFile section */

/* Begin PBXContainerItemProxy section */
		989CED481D538A810014A7B7 /* PBXContainerItemProxy */ = {
			isa = PBXContainerItemProxy;
			containerPortal = 989CED2B1D538A800014A7B7 /* Project object */;
			proxyType = 1;
			remoteGlobalIDString = 989CED321D538A800014A7B7;
			remoteInfo = OnTheMap;
		};
		989CED531D538A810014A7B7 /* PBXContainerItemProxy */ = {
			isa = PBXContainerItemProxy;
			containerPortal = 989CED2B1D538A800014A7B7 /* Project object */;
			proxyType = 1;
			remoteGlobalIDString = 989CED321D538A800014A7B7;
			remoteInfo = OnTheMap;
		};
/* End PBXContainerItemProxy section */

/* Begin PBXFileReference section */
		980ACE0C1D5A345C00EF5C1B /* BaseClient.swift */ = {isa = PBXFileReference; fileEncoding = 4; lastKnownFileType = sourcecode.swift; path = BaseClient.swift; sourceTree = "<group>"; };
		980ACE0E1D5A4CA900EF5C1B /* ClientsConstants.swift */ = {isa = PBXFileReference; fileEncoding = 4; lastKnownFileType = sourcecode.swift; path = ClientsConstants.swift; sourceTree = "<group>"; };
		980ACE101D5A4FCA00EF5C1B /* UdacityResources.swift */ = {isa = PBXFileReference; fileEncoding = 4; lastKnownFileType = sourcecode.swift; path = UdacityResources.swift; sourceTree = "<group>"; };
		980ACE121D5A86C500EF5C1B /* MapViewController.swift */ = {isa = PBXFileReference; fileEncoding = 4; lastKnownFileType = sourcecode.swift; path = MapViewController.swift; sourceTree = "<group>"; };
		983F3FBB1D5A8E9100A9E86C /* ParseClient.swift */ = {isa = PBXFileReference; fileEncoding = 4; lastKnownFileType = sourcecode.swift; path = ParseClient.swift; sourceTree = "<group>"; };
		983F3FBD1D5A8EEB00A9E86C /* ParseResources.swift */ = {isa = PBXFileReference; fileEncoding = 4; lastKnownFileType = sourcecode.swift; path = ParseResources.swift; sourceTree = "<group>"; };
		983F3FBF1D5A8F1E00A9E86C /* StudentInformation.swift */ = {isa = PBXFileReference; fileEncoding = 4; lastKnownFileType = sourcecode.swift; path = StudentInformation.swift; sourceTree = "<group>"; };
		983F3FC71D5BBA9000A9E86C /* MapTableViewController.swift */ = {isa = PBXFileReference; fileEncoding = 4; lastKnownFileType = sourcecode.swift; path = MapTableViewController.swift; sourceTree = "<group>"; };
		983F3FC91D5BBFD800A9E86C /* PinTableViewCell.swift */ = {isa = PBXFileReference; fileEncoding = 4; lastKnownFileType = sourcecode.swift; path = PinTableViewCell.swift; sourceTree = "<group>"; };
		983F3FCB1D5DBF4900A9E86C /* MapTabBarViewController.swift */ = {isa = PBXFileReference; fileEncoding = 4; lastKnownFileType = sourcecode.swift; path = MapTabBarViewController.swift; sourceTree = "<group>"; };
		983F3FCD1D5DD93200A9E86C /* NotificationCenter.swift */ = {isa = PBXFileReference; fileEncoding = 4; lastKnownFileType = sourcecode.swift; path = NotificationCenter.swift; sourceTree = "<group>"; };
		983F3FCF1D5DE0D900A9E86C /* StudentAccount.swift */ = {isa = PBXFileReference; fileEncoding = 4; lastKnownFileType = sourcecode.swift; path = StudentAccount.swift; sourceTree = "<group>"; };
		983F3FD11D5DF96900A9E86C /* BorderedButton.swift */ = {isa = PBXFileReference; fileEncoding = 4; lastKnownFileType = sourcecode.swift; path = BorderedButton.swift; sourceTree = "<group>"; };
		983F3FD31D5E15A700A9E86C /* InputLocationViewController.swift */ = {isa = PBXFileReference; fileEncoding = 4; lastKnownFileType = sourcecode.swift; path = InputLocationViewController.swift; sourceTree = "<group>"; };
		983F3FD71D5E74E200A9E86C /* LinkTextField.swift */ = {isa = PBXFileReference; fileEncoding = 4; lastKnownFileType = sourcecode.swift; path = LinkTextField.swift; sourceTree = "<group>"; };
		983F3FD91D5E771300A9E86C /* LinkInputViewController.swift */ = {isa = PBXFileReference; fileEncoding = 4; lastKnownFileType = sourcecode.swift; path = LinkInputViewController.swift; sourceTree = "<group>"; };
		983F3FDC1D5E9E7100A9E86C /* DataReloadable.swift */ = {isa = PBXFileReference; fileEncoding = 4; lastKnownFileType = sourcecode.swift; path = DataReloadable.swift; sourceTree = "<group>"; };
		989CED331D538A800014A7B7 /* OnTheMap.app */ = {isa = PBXFileReference; explicitFileType = wrapper.application; includeInIndex = 0; path = OnTheMap.app; sourceTree = BUILT_PRODUCTS_DIR; };
		989CED361D538A810014A7B7 /* AppDelegate.swift */ = {isa = PBXFileReference; lastKnownFileType = sourcecode.swift; path = AppDelegate.swift; sourceTree = "<group>"; };
		989CED3B1D538A810014A7B7 /* Base */ = {isa = PBXFileReference; lastKnownFileType = file.storyboard; name = Base; path = Base.lproj/Main.storyboard; sourceTree = "<group>"; };
		989CED3D1D538A810014A7B7 /* Assets.xcassets */ = {isa = PBXFileReference; lastKnownFileType = folder.assetcatalog; path = Assets.xcassets; sourceTree = "<group>"; };
		989CED401D538A810014A7B7 /* Base */ = {isa = PBXFileReference; lastKnownFileType = file.storyboard; name = Base; path = Base.lproj/LaunchScreen.storyboard; sourceTree = "<group>"; };
		989CED421D538A810014A7B7 /* Info.plist */ = {isa = PBXFileReference; lastKnownFileType = text.plist.xml; path = Info.plist; sourceTree = "<group>"; };
		989CED471D538A810014A7B7 /* OnTheMapTests.xctest */ = {isa = PBXFileReference; explicitFileType = wrapper.cfbundle; includeInIndex = 0; path = OnTheMapTests.xctest; sourceTree = BUILT_PRODUCTS_DIR; };
		989CED4B1D538A810014A7B7 /* OnTheMapTests.swift */ = {isa = PBXFileReference; lastKnownFileType = sourcecode.swift; path = OnTheMapTests.swift; sourceTree = "<group>"; };
		989CED4D1D538A810014A7B7 /* Info.plist */ = {isa = PBXFileReference; lastKnownFileType = text.plist.xml; path = Info.plist; sourceTree = "<group>"; };
		989CED521D538A810014A7B7 /* OnTheMapUITests.xctest */ = {isa = PBXFileReference; explicitFileType = wrapper.cfbundle; includeInIndex = 0; path = OnTheMapUITests.xctest; sourceTree = BUILT_PRODUCTS_DIR; };
		989CED561D538A810014A7B7 /* OnTheMapUITests.swift */ = {isa = PBXFileReference; lastKnownFileType = sourcecode.swift; path = OnTheMapUITests.swift; sourceTree = "<group>"; };
		989CED581D538A810014A7B7 /* Info.plist */ = {isa = PBXFileReference; lastKnownFileType = text.plist.xml; path = Info.plist; sourceTree = "<group>"; };
		989CED651D54E6520014A7B7 /* Roboto-Medium.ttf */ = {isa = PBXFileReference; lastKnownFileType = file; path = "Roboto-Medium.ttf"; sourceTree = "<group>"; };
		989CED661D54E6520014A7B7 /* Roboto-Regular.ttf */ = {isa = PBXFileReference; lastKnownFileType = file; path = "Roboto-Regular.ttf"; sourceTree = "<group>"; };
		989CED671D54E6520014A7B7 /* Roboto-Thin.ttf */ = {isa = PBXFileReference; lastKnownFileType = file; path = "Roboto-Thin.ttf"; sourceTree = "<group>"; };
		989CED6D1D57093A0014A7B7 /* GCDBlackBox.swift */ = {isa = PBXFileReference; fileEncoding = 4; lastKnownFileType = sourcecode.swift; path = GCDBlackBox.swift; sourceTree = "<group>"; };
		989CED711D57999A0014A7B7 /* LoginViewController.swift */ = {isa = PBXFileReference; fileEncoding = 4; lastKnownFileType = sourcecode.swift; path = LoginViewController.swift; sourceTree = "<group>"; };
		989CED741D58D9E90014A7B7 /* LoginTextField.swift */ = {isa = PBXFileReference; fileEncoding = 4; lastKnownFileType = sourcecode.swift; path = LoginTextField.swift; sourceTree = "<group>"; };
		989CED791D58DB680014A7B7 /* UdacityClient.swift */ = {isa = PBXFileReference; fileEncoding = 4; lastKnownFileType = sourcecode.swift; path = UdacityClient.swift; sourceTree = "<group>"; };
/* End PBXFileReference section */

/* Begin PBXFrameworksBuildPhase section */
		989CED301D538A800014A7B7 /* Frameworks */ = {
			isa = PBXFrameworksBuildPhase;
			buildActionMask = 2147483647;
			files = (
			);
			runOnlyForDeploymentPostprocessing = 0;
		};
		989CED441D538A810014A7B7 /* Frameworks */ = {
			isa = PBXFrameworksBuildPhase;
			buildActionMask = 2147483647;
			files = (
			);
			runOnlyForDeploymentPostprocessing = 0;
		};
		989CED4F1D538A810014A7B7 /* Frameworks */ = {
			isa = PBXFrameworksBuildPhase;
			buildActionMask = 2147483647;
			files = (
			);
			runOnlyForDeploymentPostprocessing = 0;
		};
/* End PBXFrameworksBuildPhase section */

/* Begin PBXGroup section */
		983F3FDB1D5E9E5000A9E86C /* Protocols */ = {
			isa = PBXGroup;
			children = (
				983F3FDC1D5E9E7100A9E86C /* DataReloadable.swift */,
			);
			name = Protocols;
			sourceTree = "<group>";
		};
		989CED2A1D538A800014A7B7 = {
			isa = PBXGroup;
			children = (
				989CED351D538A810014A7B7 /* OnTheMap */,
				989CED4A1D538A810014A7B7 /* OnTheMapTests */,
				989CED551D538A810014A7B7 /* OnTheMapUITests */,
				989CED341D538A800014A7B7 /* Products */,
			);
			sourceTree = "<group>";
		};
		989CED341D538A800014A7B7 /* Products */ = {
			isa = PBXGroup;
			children = (
				989CED331D538A800014A7B7 /* OnTheMap.app */,
				989CED471D538A810014A7B7 /* OnTheMapTests.xctest */,
				989CED521D538A810014A7B7 /* OnTheMapUITests.xctest */,
			);
			name = Products;
			sourceTree = "<group>";
		};
		989CED351D538A810014A7B7 /* OnTheMap */ = {
			isa = PBXGroup;
			children = (
				989CED361D538A810014A7B7 /* AppDelegate.swift */,
				989CED6F1D57099C0014A7B7 /* Model */,
				989CED731D58D9AB0014A7B7 /* View */,
				989CED701D5709A80014A7B7 /* Controller */,
				989CED6B1D5705DB0014A7B7 /* Assets */,
				989CED6C1D5705ED0014A7B7 /* Supporting Files */,
				989CED641D54E6370014A7B7 /* Resources */,
			);
			path = OnTheMap;
			sourceTree = "<group>";
		};
		989CED4A1D538A810014A7B7 /* OnTheMapTests */ = {
			isa = PBXGroup;
			children = (
				989CED4B1D538A810014A7B7 /* OnTheMapTests.swift */,
				989CED4D1D538A810014A7B7 /* Info.plist */,
			);
			path = OnTheMapTests;
			sourceTree = "<group>";
		};
		989CED551D538A810014A7B7 /* OnTheMapUITests */ = {
			isa = PBXGroup;
			children = (
				989CED561D538A810014A7B7 /* OnTheMapUITests.swift */,
				989CED581D538A810014A7B7 /* Info.plist */,
			);
			path = OnTheMapUITests;
			sourceTree = "<group>";
		};
		989CED641D54E6370014A7B7 /* Resources */ = {
			isa = PBXGroup;
			children = (
				989CED651D54E6520014A7B7 /* Roboto-Medium.ttf */,
				989CED661D54E6520014A7B7 /* Roboto-Regular.ttf */,
				989CED671D54E6520014A7B7 /* Roboto-Thin.ttf */,
			);
			name = Resources;
			sourceTree = "<group>";
		};
		989CED6B1D5705DB0014A7B7 /* Assets */ = {
			isa = PBXGroup;
			children = (
				989CED3A1D538A810014A7B7 /* Main.storyboard */,
				989CED3D1D538A810014A7B7 /* Assets.xcassets */,
				989CED3F1D538A810014A7B7 /* LaunchScreen.storyboard */,
			);
			name = Assets;
			sourceTree = "<group>";
		};
		989CED6C1D5705ED0014A7B7 /* Supporting Files */ = {
			isa = PBXGroup;
			children = (
				989CED6D1D57093A0014A7B7 /* GCDBlackBox.swift */,
				989CED421D538A810014A7B7 /* Info.plist */,
			);
			name = "Supporting Files";
			sourceTree = "<group>";
		};
		989CED6F1D57099C0014A7B7 /* Model */ = {
			isa = PBXGroup;
			children = (
				989CED761D58DB0A0014A7B7 /* Clients */,
			);
			name = Model;
			sourceTree = "<group>";
		};
		989CED701D5709A80014A7B7 /* Controller */ = {
			isa = PBXGroup;
			children = (
				983F3FDB1D5E9E5000A9E86C /* Protocols */,
				989CED711D57999A0014A7B7 /* LoginViewController.swift */,
				980ACE121D5A86C500EF5C1B /* MapViewController.swift */,
				983F3FC71D5BBA9000A9E86C /* MapTableViewController.swift */,
				983F3FCB1D5DBF4900A9E86C /* MapTabBarViewController.swift */,
				983F3FD31D5E15A700A9E86C /* InputLocationViewController.swift */,
				983F3FD91D5E771300A9E86C /* LinkInputViewController.swift */,
			);
			name = Controller;
			sourceTree = "<group>";
		};
		989CED731D58D9AB0014A7B7 /* View */ = {
			isa = PBXGroup;
			children = (
				989CED741D58D9E90014A7B7 /* LoginTextField.swift */,
				983F3FC91D5BBFD800A9E86C /* PinTableViewCell.swift */,
				983F3FCD1D5DD93200A9E86C /* NotificationCenter.swift */,
				983F3FD11D5DF96900A9E86C /* BorderedButton.swift */,
				983F3FD71D5E74E200A9E86C /* LinkTextField.swift */,
			);
			name = View;
			sourceTree = "<group>";
		};
		989CED761D58DB0A0014A7B7 /* Clients */ = {
			isa = PBXGroup;
			children = (
				980ACE0C1D5A345C00EF5C1B /* BaseClient.swift */,
				980ACE0E1D5A4CA900EF5C1B /* ClientsConstants.swift */,
				989CED781D58DB1C0014A7B7 /* Udacity */,
				989CED771D58DB110014A7B7 /* Parse */,
			);
			name = Clients;
			sourceTree = "<group>";
		};
		989CED771D58DB110014A7B7 /* Parse */ = {
			isa = PBXGroup;
			children = (
				983F3FBB1D5A8E9100A9E86C /* ParseClient.swift */,
				983F3FBD1D5A8EEB00A9E86C /* ParseResources.swift */,
				983F3FBF1D5A8F1E00A9E86C /* StudentInformation.swift */,
			);
			name = Parse;
			sourceTree = "<group>";
		};
		989CED781D58DB1C0014A7B7 /* Udacity */ = {
			isa = PBXGroup;
			children = (
				989CED791D58DB680014A7B7 /* UdacityClient.swift */,
				980ACE101D5A4FCA00EF5C1B /* UdacityResources.swift */,
				983F3FCF1D5DE0D900A9E86C /* StudentAccount.swift */,
			);
			name = Udacity;
			sourceTree = "<group>";
		};
/* End PBXGroup section */

/* Begin PBXNativeTarget section */
		989CED321D538A800014A7B7 /* OnTheMap */ = {
			isa = PBXNativeTarget;
			buildConfigurationList = 989CED5B1D538A810014A7B7 /* Build configuration list for PBXNativeTarget "OnTheMap" */;
			buildPhases = (
				989CED2F1D538A800014A7B7 /* Sources */,
				989CED301D538A800014A7B7 /* Frameworks */,
				989CED311D538A800014A7B7 /* Resources */,
			);
			buildRules = (
			);
			dependencies = (
			);
			name = OnTheMap;
			productName = OnTheMap;
			productReference = 989CED331D538A800014A7B7 /* OnTheMap.app */;
			productType = "com.apple.product-type.application";
		};
		989CED461D538A810014A7B7 /* OnTheMapTests */ = {
			isa = PBXNativeTarget;
			buildConfigurationList = 989CED5E1D538A810014A7B7 /* Build configuration list for PBXNativeTarget "OnTheMapTests" */;
			buildPhases = (
				989CED431D538A810014A7B7 /* Sources */,
				989CED441D538A810014A7B7 /* Frameworks */,
				989CED451D538A810014A7B7 /* Resources */,
			);
			buildRules = (
			);
			dependencies = (
				989CED491D538A810014A7B7 /* PBXTargetDependency */,
			);
			name = OnTheMapTests;
			productName = OnTheMapTests;
			productReference = 989CED471D538A810014A7B7 /* OnTheMapTests.xctest */;
			productType = "com.apple.product-type.bundle.unit-test";
		};
		989CED511D538A810014A7B7 /* OnTheMapUITests */ = {
			isa = PBXNativeTarget;
			buildConfigurationList = 989CED611D538A810014A7B7 /* Build configuration list for PBXNativeTarget "OnTheMapUITests" */;
			buildPhases = (
				989CED4E1D538A810014A7B7 /* Sources */,
				989CED4F1D538A810014A7B7 /* Frameworks */,
				989CED501D538A810014A7B7 /* Resources */,
			);
			buildRules = (
			);
			dependencies = (
				989CED541D538A810014A7B7 /* PBXTargetDependency */,
			);
			name = OnTheMapUITests;
			productName = OnTheMapUITests;
			productReference = 989CED521D538A810014A7B7 /* OnTheMapUITests.xctest */;
			productType = "com.apple.product-type.bundle.ui-testing";
		};
/* End PBXNativeTarget section */

/* Begin PBXProject section */
		989CED2B1D538A800014A7B7 /* Project object */ = {
			isa = PBXProject;
			attributes = {
				LastSwiftUpdateCheck = 0730;
				LastUpgradeCheck = 0730;
				ORGANIZATIONNAME = "Konstantin Gerov";
				TargetAttributes = {
					989CED321D538A800014A7B7 = {
						CreatedOnToolsVersion = 7.3.1;
					};
					989CED461D538A810014A7B7 = {
						CreatedOnToolsVersion = 7.3.1;
						TestTargetID = 989CED321D538A800014A7B7;
					};
					989CED511D538A810014A7B7 = {
						CreatedOnToolsVersion = 7.3.1;
						TestTargetID = 989CED321D538A800014A7B7;
					};
				};
			};
			buildConfigurationList = 989CED2E1D538A800014A7B7 /* Build configuration list for PBXProject "OnTheMap" */;
			compatibilityVersion = "Xcode 3.2";
			developmentRegion = English;
			hasScannedForEncodings = 0;
			knownRegions = (
				en,
				Base,
			);
			mainGroup = 989CED2A1D538A800014A7B7;
			productRefGroup = 989CED341D538A800014A7B7 /* Products */;
			projectDirPath = "";
			projectRoot = "";
			targets = (
				989CED321D538A800014A7B7 /* OnTheMap */,
				989CED461D538A810014A7B7 /* OnTheMapTests */,
				989CED511D538A810014A7B7 /* OnTheMapUITests */,
			);
		};
/* End PBXProject section */

/* Begin PBXResourcesBuildPhase section */
		989CED311D538A800014A7B7 /* Resources */ = {
			isa = PBXResourcesBuildPhase;
			buildActionMask = 2147483647;
			files = (
				989CED681D54E6520014A7B7 /* Roboto-Medium.ttf in Resources */,
				989CED411D538A810014A7B7 /* LaunchScreen.storyboard in Resources */,
				989CED6A1D54E6520014A7B7 /* Roboto-Thin.ttf in Resources */,
				989CED691D54E6520014A7B7 /* Roboto-Regular.ttf in Resources */,
				989CED3E1D538A810014A7B7 /* Assets.xcassets in Resources */,
				989CED3C1D538A810014A7B7 /* Main.storyboard in Resources */,
			);
			runOnlyForDeploymentPostprocessing = 0;
		};
		989CED451D538A810014A7B7 /* Resources */ = {
			isa = PBXResourcesBuildPhase;
			buildActionMask = 2147483647;
			files = (
			);
			runOnlyForDeploymentPostprocessing = 0;
		};
		989CED501D538A810014A7B7 /* Resources */ = {
			isa = PBXResourcesBuildPhase;
			buildActionMask = 2147483647;
			files = (
			);
			runOnlyForDeploymentPostprocessing = 0;
		};
/* End PBXResourcesBuildPhase section */

/* Begin PBXSourcesBuildPhase section */
		989CED2F1D538A800014A7B7 /* Sources */ = {
			isa = PBXSourcesBuildPhase;
			buildActionMask = 2147483647;
			files = (
				983F3FC01D5A8F1E00A9E86C /* StudentInformation.swift in Sources */,
				983F3FCC1D5DBF4900A9E86C /* MapTabBarViewController.swift in Sources */,
				983F3FDA1D5E771300A9E86C /* LinkInputViewController.swift in Sources */,
				983F3FD21D5DF96900A9E86C /* BorderedButton.swift in Sources */,
				989CED7A1D58DB680014A7B7 /* UdacityClient.swift in Sources */,
				983F3FD41D5E15A700A9E86C /* InputLocationViewController.swift in Sources */,
				983F3FC81D5BBA9000A9E86C /* MapTableViewController.swift in Sources */,
				983F3FCA1D5BBFD800A9E86C /* PinTableViewCell.swift in Sources */,
				980ACE0D1D5A345C00EF5C1B /* BaseClient.swift in Sources */,
				989CED721D57999A0014A7B7 /* LoginViewController.swift in Sources */,
				989CED751D58D9E90014A7B7 /* LoginTextField.swift in Sources */,
				980ACE131D5A86C500EF5C1B /* MapViewController.swift in Sources */,
				989CED6E1D57093A0014A7B7 /* GCDBlackBox.swift in Sources */,
				983F3FBC1D5A8E9100A9E86C /* ParseClient.swift in Sources */,
				983F3FDD1D5E9E7100A9E86C /* DataReloadable.swift in Sources */,
				983F3FD81D5E74E200A9E86C /* LinkTextField.swift in Sources */,
				983F3FCE1D5DD93200A9E86C /* NotificationCenter.swift in Sources */,
				980ACE0F1D5A4CA900EF5C1B /* ClientsConstants.swift in Sources */,
				983F3FBE1D5A8EEB00A9E86C /* ParseResources.swift in Sources */,
				989CED371D538A810014A7B7 /* AppDelegate.swift in Sources */,
				980ACE111D5A4FCA00EF5C1B /* UdacityResources.swift in Sources */,
				983F3FD01D5DE0D900A9E86C /* StudentAccount.swift in Sources */,
			);
			runOnlyForDeploymentPostprocessing = 0;
		};
		989CED431D538A810014A7B7 /* Sources */ = {
			isa = PBXSourcesBuildPhase;
			buildActionMask = 2147483647;
			files = (
				989CED4C1D538A810014A7B7 /* OnTheMapTests.swift in Sources */,
			);
			runOnlyForDeploymentPostprocessing = 0;
		};
		989CED4E1D538A810014A7B7 /* Sources */ = {
			isa = PBXSourcesBuildPhase;
			buildActionMask = 2147483647;
			files = (
				989CED571D538A810014A7B7 /* OnTheMapUITests.swift in Sources */,
			);
			runOnlyForDeploymentPostprocessing = 0;
		};
/* End PBXSourcesBuildPhase section */

/* Begin PBXTargetDependency section */
		989CED491D538A810014A7B7 /* PBXTargetDependency */ = {
			isa = PBXTargetDependency;
			target = 989CED321D538A800014A7B7 /* OnTheMap */;
			targetProxy = 989CED481D538A810014A7B7 /* PBXContainerItemProxy */;
		};
		989CED541D538A810014A7B7 /* PBXTargetDependency */ = {
			isa = PBXTargetDependency;
			target = 989CED321D538A800014A7B7 /* OnTheMap */;
			targetProxy = 989CED531D538A810014A7B7 /* PBXContainerItemProxy */;
		};
/* End PBXTargetDependency section */

/* Begin PBXVariantGroup section */
		989CED3A1D538A810014A7B7 /* Main.storyboard */ = {
			isa = PBXVariantGroup;
			children = (
				989CED3B1D538A810014A7B7 /* Base */,
			);
			name = Main.storyboard;
			sourceTree = "<group>";
		};
		989CED3F1D538A810014A7B7 /* LaunchScreen.storyboard */ = {
			isa = PBXVariantGroup;
			children = (
				989CED401D538A810014A7B7 /* Base */,
			);
			name = LaunchScreen.storyboard;
			sourceTree = "<group>";
		};
/* End PBXVariantGroup section */

/* Begin XCBuildConfiguration section */
		989CED591D538A810014A7B7 /* Debug */ = {
			isa = XCBuildConfiguration;
			buildSettings = {
				ALWAYS_SEARCH_USER_PATHS = NO;
				CLANG_ANALYZER_NONNULL = YES;
				CLANG_CXX_LANGUAGE_STANDARD = "gnu++0x";
				CLANG_CXX_LIBRARY = "libc++";
				CLANG_ENABLE_MODULES = YES;
				CLANG_ENABLE_OBJC_ARC = YES;
				CLANG_WARN_BOOL_CONVERSION = YES;
				CLANG_WARN_CONSTANT_CONVERSION = YES;
				CLANG_WARN_DIRECT_OBJC_ISA_USAGE = YES_ERROR;
				CLANG_WARN_EMPTY_BODY = YES;
				CLANG_WARN_ENUM_CONVERSION = YES;
				CLANG_WARN_INT_CONVERSION = YES;
				CLANG_WARN_OBJC_ROOT_CLASS = YES_ERROR;
				CLANG_WARN_UNREACHABLE_CODE = YES;
				CLANG_WARN__DUPLICATE_METHOD_MATCH = YES;
				"CODE_SIGN_IDENTITY[sdk=iphoneos*]" = "iPhone Developer";
				COPY_PHASE_STRIP = NO;
				DEBUG_INFORMATION_FORMAT = dwarf;
				ENABLE_STRICT_OBJC_MSGSEND = YES;
				ENABLE_TESTABILITY = YES;
				GCC_C_LANGUAGE_STANDARD = gnu99;
				GCC_DYNAMIC_NO_PIC = NO;
				GCC_NO_COMMON_BLOCKS = YES;
				GCC_OPTIMIZATION_LEVEL = 0;
				GCC_PREPROCESSOR_DEFINITIONS = (
					"DEBUG=1",
					"$(inherited)",
				);
				GCC_WARN_64_TO_32_BIT_CONVERSION = YES;
				GCC_WARN_ABOUT_RETURN_TYPE = YES_ERROR;
				GCC_WARN_UNDECLARED_SELECTOR = YES;
				GCC_WARN_UNINITIALIZED_AUTOS = YES_AGGRESSIVE;
				GCC_WARN_UNUSED_FUNCTION = YES;
				GCC_WARN_UNUSED_VARIABLE = YES;
				IPHONEOS_DEPLOYMENT_TARGET = 9.3;
				MTL_ENABLE_DEBUG_INFO = YES;
				ONLY_ACTIVE_ARCH = YES;
				SDKROOT = iphoneos;
				SWIFT_OPTIMIZATION_LEVEL = "-Onone";
				TARGETED_DEVICE_FAMILY = "1,2";
			};
			name = Debug;
		};
		989CED5A1D538A810014A7B7 /* Release */ = {
			isa = XCBuildConfiguration;
			buildSettings = {
				ALWAYS_SEARCH_USER_PATHS = NO;
				CLANG_ANALYZER_NONNULL = YES;
				CLANG_CXX_LANGUAGE_STANDARD = "gnu++0x";
				CLANG_CXX_LIBRARY = "libc++";
				CLANG_ENABLE_MODULES = YES;
				CLANG_ENABLE_OBJC_ARC = YES;
				CLANG_WARN_BOOL_CONVERSION = YES;
				CLANG_WARN_CONSTANT_CONVERSION = YES;
				CLANG_WARN_DIRECT_OBJC_ISA_USAGE = YES_ERROR;
				CLANG_WARN_EMPTY_BODY = YES;
				CLANG_WARN_ENUM_CONVERSION = YES;
				CLANG_WARN_INT_CONVERSION = YES;
				CLANG_WARN_OBJC_ROOT_CLASS = YES_ERROR;
				CLANG_WARN_UNREACHABLE_CODE = YES;
				CLANG_WARN__DUPLICATE_METHOD_MATCH = YES;
				"CODE_SIGN_IDENTITY[sdk=iphoneos*]" = "iPhone Developer";
				COPY_PHASE_STRIP = NO;
				DEBUG_INFORMATION_FORMAT = "dwarf-with-dsym";
				ENABLE_NS_ASSERTIONS = NO;
				ENABLE_STRICT_OBJC_MSGSEND = YES;
				GCC_C_LANGUAGE_STANDARD = gnu99;
				GCC_NO_COMMON_BLOCKS = YES;
				GCC_WARN_64_TO_32_BIT_CONVERSION = YES;
				GCC_WARN_ABOUT_RETURN_TYPE = YES_ERROR;
				GCC_WARN_UNDECLARED_SELECTOR = YES;
				GCC_WARN_UNINITIALIZED_AUTOS = YES_AGGRESSIVE;
				GCC_WARN_UNUSED_FUNCTION = YES;
				GCC_WARN_UNUSED_VARIABLE = YES;
				IPHONEOS_DEPLOYMENT_TARGET = 9.3;
				MTL_ENABLE_DEBUG_INFO = NO;
				SDKROOT = iphoneos;
				TARGETED_DEVICE_FAMILY = "1,2";
				VALIDATE_PRODUCT = YES;
			};
			name = Release;
		};
		989CED5C1D538A810014A7B7 /* Debug */ = {
			isa = XCBuildConfiguration;
			buildSettings = {
				ASSETCATALOG_COMPILER_APPICON_NAME = AppIcon;
				INFOPLIST_FILE = OnTheMap/Info.plist;
				LD_RUNPATH_SEARCH_PATHS = "$(inherited) @executable_path/Frameworks";
				PRODUCT_BUNDLE_IDENTIFIER = kgerov.OnTheMap;
				PRODUCT_NAME = "$(TARGET_NAME)";
			};
			name = Debug;
		};
		989CED5D1D538A810014A7B7 /* Release */ = {
			isa = XCBuildConfiguration;
			buildSettings = {
				ASSETCATALOG_COMPILER_APPICON_NAME = AppIcon;
				INFOPLIST_FILE = OnTheMap/Info.plist;
				LD_RUNPATH_SEARCH_PATHS = "$(inherited) @executable_path/Frameworks";
				PRODUCT_BUNDLE_IDENTIFIER = kgerov.OnTheMap;
				PRODUCT_NAME = "$(TARGET_NAME)";
			};
			name = Release;
		};
		989CED5F1D538A810014A7B7 /* Debug */ = {
			isa = XCBuildConfiguration;
			buildSettings = {
				BUNDLE_LOADER = "$(TEST_HOST)";
				INFOPLIST_FILE = OnTheMapTests/Info.plist;
				LD_RUNPATH_SEARCH_PATHS = "$(inherited) @executable_path/Frameworks @loader_path/Frameworks";
				PRODUCT_BUNDLE_IDENTIFIER = kgerov.OnTheMapTests;
				PRODUCT_NAME = "$(TARGET_NAME)";
				TEST_HOST = "$(BUILT_PRODUCTS_DIR)/OnTheMap.app/OnTheMap";
			};
			name = Debug;
		};
		989CED601D538A810014A7B7 /* Release */ = {
			isa = XCBuildConfiguration;
			buildSettings = {
				BUNDLE_LOADER = "$(TEST_HOST)";
				INFOPLIST_FILE = OnTheMapTests/Info.plist;
				LD_RUNPATH_SEARCH_PATHS = "$(inherited) @executable_path/Frameworks @loader_path/Frameworks";
				PRODUCT_BUNDLE_IDENTIFIER = kgerov.OnTheMapTests;
				PRODUCT_NAME = "$(TARGET_NAME)";
				TEST_HOST = "$(BUILT_PRODUCTS_DIR)/OnTheMap.app/OnTheMap";
			};
			name = Release;
		};
		989CED621D538A810014A7B7 /* Debug */ = {
			isa = XCBuildConfiguration;
			buildSettings = {
				INFOPLIST_FILE = OnTheMapUITests/Info.plist;
				LD_RUNPATH_SEARCH_PATHS = "$(inherited) @executable_path/Frameworks @loader_path/Frameworks";
				PRODUCT_BUNDLE_IDENTIFIER = kgerov.OnTheMapUITests;
				PRODUCT_NAME = "$(TARGET_NAME)";
				TEST_TARGET_NAME = OnTheMap;
			};
			name = Debug;
		};
		989CED631D538A810014A7B7 /* Release */ = {
			isa = XCBuildConfiguration;
			buildSettings = {
				INFOPLIST_FILE = OnTheMapUITests/Info.plist;
				LD_RUNPATH_SEARCH_PATHS = "$(inherited) @executable_path/Frameworks @loader_path/Frameworks";
				PRODUCT_BUNDLE_IDENTIFIER = kgerov.OnTheMapUITests;
				PRODUCT_NAME = "$(TARGET_NAME)";
				TEST_TARGET_NAME = OnTheMap;
			};
			name = Release;
		};
/* End XCBuildConfiguration section */

/* Begin XCConfigurationList section */
		989CED2E1D538A800014A7B7 /* Build configuration list for PBXProject "OnTheMap" */ = {
			isa = XCConfigurationList;
			buildConfigurations = (
				989CED591D538A810014A7B7 /* Debug */,
				989CED5A1D538A810014A7B7 /* Release */,
			);
			defaultConfigurationIsVisible = 0;
			defaultConfigurationName = Release;
		};
		989CED5B1D538A810014A7B7 /* Build configuration list for PBXNativeTarget "OnTheMap" */ = {
			isa = XCConfigurationList;
			buildConfigurations = (
				989CED5C1D538A810014A7B7 /* Debug */,
				989CED5D1D538A810014A7B7 /* Release */,
			);
			defaultConfigurationIsVisible = 0;
			defaultConfigurationName = Release;
		};
		989CED5E1D538A810014A7B7 /* Build configuration list for PBXNativeTarget "OnTheMapTests" */ = {
			isa = XCConfigurationList;
			buildConfigurations = (
				989CED5F1D538A810014A7B7 /* Debug */,
				989CED601D538A810014A7B7 /* Release */,
			);
			defaultConfigurationIsVisible = 0;
			defaultConfigurationName = Release;
		};
		989CED611D538A810014A7B7 /* Build configuration list for PBXNativeTarget "OnTheMapUITests" */ = {
			isa = XCConfigurationList;
			buildConfigurations = (
				989CED621D538A810014A7B7 /* Debug */,
				989CED631D538A810014A7B7 /* Release */,
			);
			defaultConfigurationIsVisible = 0;
			defaultConfigurationName = Release;
		};
/* End XCConfigurationList section */
	};
	rootObject = 989CED2B1D538A800014A7B7 /* Project object */;
}
