// !$*UTF8*$!
{
	archiveVersion = 1;
	classes = {
	};
	objectVersion = 46;
	objects = {

/* Begin PBXBuildFile section */
		9858ED1B1D65149C00B28F10 /* AppDelegate.swift in Sources */ = {isa = PBXBuildFile; fileRef = 9858ED1A1D65149C00B28F10 /* AppDelegate.swift */; };
		9858ED1D1D65149C00B28F10 /* ViewController.swift in Sources */ = {isa = PBXBuildFile; fileRef = 9858ED1C1D65149C00B28F10 /* ViewController.swift */; };
		9858ED201D65149C00B28F10 /* Main.storyboard in Resources */ = {isa = PBXBuildFile; fileRef = 9858ED1E1D65149C00B28F10 /* Main.storyboard */; };
		9858ED221D65149C00B28F10 /* Assets.xcassets in Resources */ = {isa = PBXBuildFile; fileRef = 9858ED211D65149C00B28F10 /* Assets.xcassets */; };
		9858ED251D65149C00B28F10 /* LaunchScreen.storyboard in Resources */ = {isa = PBXBuildFile; fileRef = 9858ED231D65149C00B28F10 /* LaunchScreen.storyboard */; };
		9858ED301D65149C00B28F10 /* CoolNotesTests.swift in Sources */ = {isa = PBXBuildFile; fileRef = 9858ED2F1D65149C00B28F10 /* CoolNotesTests.swift */; };
		9858ED3B1D65149C00B28F10 /* CoolNotesUITests.swift in Sources */ = {isa = PBXBuildFile; fileRef = 9858ED3A1D65149C00B28F10 /* CoolNotesUITests.swift */; };
		9858ED4A1D65150700B28F10 /* Model.xcdatamodeld in Sources */ = {isa = PBXBuildFile; fileRef = 9858ED481D65150700B28F10 /* Model.xcdatamodeld */; };
		9858ED4D1D65185400B28F10 /* CoreDataStack.swift in Sources */ = {isa = PBXBuildFile; fileRef = 9858ED4C1D65185400B28F10 /* CoreDataStack.swift */; };
		9858ED521D6518D700B28F10 /* Notebook+CoreDataProperties.swift in Sources */ = {isa = PBXBuildFile; fileRef = 9858ED4E1D6518D700B28F10 /* Notebook+CoreDataProperties.swift */; };
		9858ED531D6518D700B28F10 /* Notebook.swift in Sources */ = {isa = PBXBuildFile; fileRef = 9858ED4F1D6518D700B28F10 /* Notebook.swift */; };
		9858ED541D6518D700B28F10 /* Note+CoreDataProperties.swift in Sources */ = {isa = PBXBuildFile; fileRef = 9858ED501D6518D700B28F10 /* Note+CoreDataProperties.swift */; };
		9858ED551D6518D700B28F10 /* Note.swift in Sources */ = {isa = PBXBuildFile; fileRef = 9858ED511D6518D700B28F10 /* Note.swift */; };
/* End PBXBuildFile section */

/* Begin PBXContainerItemProxy section */
		9858ED2C1D65149C00B28F10 /* PBXContainerItemProxy */ = {
			isa = PBXContainerItemProxy;
			containerPortal = 9858ED0F1D65149C00B28F10 /* Project object */;
			proxyType = 1;
			remoteGlobalIDString = 9858ED161D65149C00B28F10;
			remoteInfo = CoolNotes;
		};
		9858ED371D65149C00B28F10 /* PBXContainerItemProxy */ = {
			isa = PBXContainerItemProxy;
			containerPortal = 9858ED0F1D65149C00B28F10 /* Project object */;
			proxyType = 1;
			remoteGlobalIDString = 9858ED161D65149C00B28F10;
			remoteInfo = CoolNotes;
		};
/* End PBXContainerItemProxy section */

/* Begin PBXFileReference section */
		9858ED171D65149C00B28F10 /* CoolNotes.app */ = {isa = PBXFileReference; explicitFileType = wrapper.application; includeInIndex = 0; path = CoolNotes.app; sourceTree = BUILT_PRODUCTS_DIR; };
		9858ED1A1D65149C00B28F10 /* AppDelegate.swift */ = {isa = PBXFileReference; lastKnownFileType = sourcecode.swift; path = AppDelegate.swift; sourceTree = "<group>"; };
		9858ED1C1D65149C00B28F10 /* ViewController.swift */ = {isa = PBXFileReference; lastKnownFileType = sourcecode.swift; path = ViewController.swift; sourceTree = "<group>"; };
		9858ED1F1D65149C00B28F10 /* Base */ = {isa = PBXFileReference; lastKnownFileType = file.storyboard; name = Base; path = Base.lproj/Main.storyboard; sourceTree = "<group>"; };
		9858ED211D65149C00B28F10 /* Assets.xcassets */ = {isa = PBXFileReference; lastKnownFileType = folder.assetcatalog; path = Assets.xcassets; sourceTree = "<group>"; };
		9858ED241D65149C00B28F10 /* Base */ = {isa = PBXFileReference; lastKnownFileType = file.storyboard; name = Base; path = Base.lproj/LaunchScreen.storyboard; sourceTree = "<group>"; };
		9858ED261D65149C00B28F10 /* Info.plist */ = {isa = PBXFileReference; lastKnownFileType = text.plist.xml; path = Info.plist; sourceTree = "<group>"; };
		9858ED2B1D65149C00B28F10 /* CoolNotesTests.xctest */ = {isa = PBXFileReference; explicitFileType = wrapper.cfbundle; includeInIndex = 0; path = CoolNotesTests.xctest; sourceTree = BUILT_PRODUCTS_DIR; };
		9858ED2F1D65149C00B28F10 /* CoolNotesTests.swift */ = {isa = PBXFileReference; lastKnownFileType = sourcecode.swift; path = CoolNotesTests.swift; sourceTree = "<group>"; };
		9858ED311D65149C00B28F10 /* Info.plist */ = {isa = PBXFileReference; lastKnownFileType = text.plist.xml; path = Info.plist; sourceTree = "<group>"; };
		9858ED361D65149C00B28F10 /* CoolNotesUITests.xctest */ = {isa = PBXFileReference; explicitFileType = wrapper.cfbundle; includeInIndex = 0; path = CoolNotesUITests.xctest; sourceTree = BUILT_PRODUCTS_DIR; };
		9858ED3A1D65149C00B28F10 /* CoolNotesUITests.swift */ = {isa = PBXFileReference; lastKnownFileType = sourcecode.swift; path = CoolNotesUITests.swift; sourceTree = "<group>"; };
		9858ED3C1D65149C00B28F10 /* Info.plist */ = {isa = PBXFileReference; lastKnownFileType = text.plist.xml; path = Info.plist; sourceTree = "<group>"; };
		9858ED491D65150700B28F10 /* Model.xcdatamodel */ = {isa = PBXFileReference; lastKnownFileType = wrapper.xcdatamodel; path = Model.xcdatamodel; sourceTree = "<group>"; };
		9858ED4C1D65185400B28F10 /* CoreDataStack.swift */ = {isa = PBXFileReference; fileEncoding = 4; lastKnownFileType = sourcecode.swift; path = CoreDataStack.swift; sourceTree = "<group>"; };
		9858ED4E1D6518D700B28F10 /* Notebook+CoreDataProperties.swift */ = {isa = PBXFileReference; fileEncoding = 4; lastKnownFileType = sourcecode.swift; name = "Notebook+CoreDataProperties.swift"; path = "../Notebook+CoreDataProperties.swift"; sourceTree = "<group>"; };
		9858ED4F1D6518D700B28F10 /* Notebook.swift */ = {isa = PBXFileReference; fileEncoding = 4; lastKnownFileType = sourcecode.swift; name = Notebook.swift; path = ../Notebook.swift; sourceTree = "<group>"; };
		9858ED501D6518D700B28F10 /* Note+CoreDataProperties.swift */ = {isa = PBXFileReference; fileEncoding = 4; lastKnownFileType = sourcecode.swift; name = "Note+CoreDataProperties.swift"; path = "../Note+CoreDataProperties.swift"; sourceTree = "<group>"; };
		9858ED511D6518D700B28F10 /* Note.swift */ = {isa = PBXFileReference; fileEncoding = 4; lastKnownFileType = sourcecode.swift; name = Note.swift; path = ../Note.swift; sourceTree = "<group>"; };
/* End PBXFileReference section */

/* Begin PBXFrameworksBuildPhase section */
		9858ED141D65149C00B28F10 /* Frameworks */ = {
			isa = PBXFrameworksBuildPhase;
			buildActionMask = 2147483647;
			files = (
			);
			runOnlyForDeploymentPostprocessing = 0;
		};
		9858ED281D65149C00B28F10 /* Frameworks */ = {
			isa = PBXFrameworksBuildPhase;
			buildActionMask = 2147483647;
			files = (
			);
			runOnlyForDeploymentPostprocessing = 0;
		};
		9858ED331D65149C00B28F10 /* Frameworks */ = {
			isa = PBXFrameworksBuildPhase;
			buildActionMask = 2147483647;
			files = (
			);
			runOnlyForDeploymentPostprocessing = 0;
		};
/* End PBXFrameworksBuildPhase section */

/* Begin PBXGroup section */
		9858ED0E1D65149C00B28F10 = {
			isa = PBXGroup;
			children = (
				9858ED191D65149C00B28F10 /* CoolNotes */,
				9858ED2E1D65149C00B28F10 /* CoolNotesTests */,
				9858ED391D65149C00B28F10 /* CoolNotesUITests */,
				9858ED181D65149C00B28F10 /* Products */,
			);
			sourceTree = "<group>";
		};
		9858ED181D65149C00B28F10 /* Products */ = {
			isa = PBXGroup;
			children = (
				9858ED171D65149C00B28F10 /* CoolNotes.app */,
				9858ED2B1D65149C00B28F10 /* CoolNotesTests.xctest */,
				9858ED361D65149C00B28F10 /* CoolNotesUITests.xctest */,
			);
			name = Products;
			sourceTree = "<group>";
		};
		9858ED191D65149C00B28F10 /* CoolNotes */ = {
			isa = PBXGroup;
			children = (
				9858ED4B1D65184800B28F10 /* Model */,
				9858ED1A1D65149C00B28F10 /* AppDelegate.swift */,
				9858ED1C1D65149C00B28F10 /* ViewController.swift */,
				9858ED1E1D65149C00B28F10 /* Main.storyboard */,
				9858ED211D65149C00B28F10 /* Assets.xcassets */,
				9858ED231D65149C00B28F10 /* LaunchScreen.storyboard */,
				9858ED261D65149C00B28F10 /* Info.plist */,
			);
			path = CoolNotes;
			sourceTree = "<group>";
		};
		9858ED2E1D65149C00B28F10 /* CoolNotesTests */ = {
			isa = PBXGroup;
			children = (
				9858ED2F1D65149C00B28F10 /* CoolNotesTests.swift */,
				9858ED311D65149C00B28F10 /* Info.plist */,
			);
			path = CoolNotesTests;
			sourceTree = "<group>";
		};
		9858ED391D65149C00B28F10 /* CoolNotesUITests */ = {
			isa = PBXGroup;
			children = (
				9858ED3A1D65149C00B28F10 /* CoolNotesUITests.swift */,
				9858ED3C1D65149C00B28F10 /* Info.plist */,
			);
			path = CoolNotesUITests;
			sourceTree = "<group>";
		};
		9858ED4B1D65184800B28F10 /* Model */ = {
			isa = PBXGroup;
			children = (
				9858ED4E1D6518D700B28F10 /* Notebook+CoreDataProperties.swift */,
				9858ED4F1D6518D700B28F10 /* Notebook.swift */,
				9858ED501D6518D700B28F10 /* Note+CoreDataProperties.swift */,
				9858ED511D6518D700B28F10 /* Note.swift */,
				9858ED481D65150700B28F10 /* Model.xcdatamodeld */,
				9858ED4C1D65185400B28F10 /* CoreDataStack.swift */,
			);
			name = Model;
			sourceTree = "<group>";
		};
/* End PBXGroup section */

/* Begin PBXNativeTarget section */
		9858ED161D65149C00B28F10 /* CoolNotes */ = {
			isa = PBXNativeTarget;
			buildConfigurationList = 9858ED3F1D65149C00B28F10 /* Build configuration list for PBXNativeTarget "CoolNotes" */;
			buildPhases = (
				9858ED131D65149C00B28F10 /* Sources */,
				9858ED141D65149C00B28F10 /* Frameworks */,
				9858ED151D65149C00B28F10 /* Resources */,
			);
			buildRules = (
			);
			dependencies = (
			);
			name = CoolNotes;
			productName = CoolNotes;
			productReference = 9858ED171D65149C00B28F10 /* CoolNotes.app */;
			productType = "com.apple.product-type.application";
		};
		9858ED2A1D65149C00B28F10 /* CoolNotesTests */ = {
			isa = PBXNativeTarget;
			buildConfigurationList = 9858ED421D65149C00B28F10 /* Build configuration list for PBXNativeTarget "CoolNotesTests" */;
			buildPhases = (
				9858ED271D65149C00B28F10 /* Sources */,
				9858ED281D65149C00B28F10 /* Frameworks */,
				9858ED291D65149C00B28F10 /* Resources */,
			);
			buildRules = (
			);
			dependencies = (
				9858ED2D1D65149C00B28F10 /* PBXTargetDependency */,
			);
			name = CoolNotesTests;
			productName = CoolNotesTests;
			productReference = 9858ED2B1D65149C00B28F10 /* CoolNotesTests.xctest */;
			productType = "com.apple.product-type.bundle.unit-test";
		};
		9858ED351D65149C00B28F10 /* CoolNotesUITests */ = {
			isa = PBXNativeTarget;
			buildConfigurationList = 9858ED451D65149C00B28F10 /* Build configuration list for PBXNativeTarget "CoolNotesUITests" */;
			buildPhases = (
				9858ED321D65149C00B28F10 /* Sources */,
				9858ED331D65149C00B28F10 /* Frameworks */,
				9858ED341D65149C00B28F10 /* Resources */,
			);
			buildRules = (
			);
			dependencies = (
				9858ED381D65149C00B28F10 /* PBXTargetDependency */,
			);
			name = CoolNotesUITests;
			productName = CoolNotesUITests;
			productReference = 9858ED361D65149C00B28F10 /* CoolNotesUITests.xctest */;
			productType = "com.apple.product-type.bundle.ui-testing";
		};
/* End PBXNativeTarget section */

/* Begin PBXProject section */
		9858ED0F1D65149C00B28F10 /* Project object */ = {
			isa = PBXProject;
			attributes = {
				LastSwiftUpdateCheck = 0730;
				LastUpgradeCheck = 0730;
				ORGANIZATIONNAME = "Konstantin Gerov";
				TargetAttributes = {
					9858ED161D65149C00B28F10 = {
						CreatedOnToolsVersion = 7.3.1;
					};
					9858ED2A1D65149C00B28F10 = {
						CreatedOnToolsVersion = 7.3.1;
						TestTargetID = 9858ED161D65149C00B28F10;
					};
					9858ED351D65149C00B28F10 = {
						CreatedOnToolsVersion = 7.3.1;
						TestTargetID = 9858ED161D65149C00B28F10;
					};
				};
			};
			buildConfigurationList = 9858ED121D65149C00B28F10 /* Build configuration list for PBXProject "CoolNotes" */;
			compatibilityVersion = "Xcode 3.2";
			developmentRegion = English;
			hasScannedForEncodings = 0;
			knownRegions = (
				en,
				Base,
			);
			mainGroup = 9858ED0E1D65149C00B28F10;
			productRefGroup = 9858ED181D65149C00B28F10 /* Products */;
			projectDirPath = "";
			projectRoot = "";
			targets = (
				9858ED161D65149C00B28F10 /* CoolNotes */,
				9858ED2A1D65149C00B28F10 /* CoolNotesTests */,
				9858ED351D65149C00B28F10 /* CoolNotesUITests */,
			);
		};
/* End PBXProject section */

/* Begin PBXResourcesBuildPhase section */
		9858ED151D65149C00B28F10 /* Resources */ = {
			isa = PBXResourcesBuildPhase;
			buildActionMask = 2147483647;
			files = (
				9858ED251D65149C00B28F10 /* LaunchScreen.storyboard in Resources */,
				9858ED221D65149C00B28F10 /* Assets.xcassets in Resources */,
				9858ED201D65149C00B28F10 /* Main.storyboard in Resources */,
			);
			runOnlyForDeploymentPostprocessing = 0;
		};
		9858ED291D65149C00B28F10 /* Resources */ = {
			isa = PBXResourcesBuildPhase;
			buildActionMask = 2147483647;
			files = (
			);
			runOnlyForDeploymentPostprocessing = 0;
		};
		9858ED341D65149C00B28F10 /* Resources */ = {
			isa = PBXResourcesBuildPhase;
			buildActionMask = 2147483647;
			files = (
			);
			runOnlyForDeploymentPostprocessing = 0;
		};
/* End PBXResourcesBuildPhase section */

/* Begin PBXSourcesBuildPhase section */
		9858ED131D65149C00B28F10 /* Sources */ = {
			isa = PBXSourcesBuildPhase;
			buildActionMask = 2147483647;
			files = (
				9858ED1D1D65149C00B28F10 /* ViewController.swift in Sources */,
				9858ED541D6518D700B28F10 /* Note+CoreDataProperties.swift in Sources */,
				9858ED1B1D65149C00B28F10 /* AppDelegate.swift in Sources */,
				9858ED551D6518D700B28F10 /* Note.swift in Sources */,
				9858ED521D6518D700B28F10 /* Notebook+CoreDataProperties.swift in Sources */,
				9858ED4A1D65150700B28F10 /* Model.xcdatamodeld in Sources */,
				9858ED531D6518D700B28F10 /* Notebook.swift in Sources */,
				9858ED4D1D65185400B28F10 /* CoreDataStack.swift in Sources */,
			);
			runOnlyForDeploymentPostprocessing = 0;
		};
		9858ED271D65149C00B28F10 /* Sources */ = {
			isa = PBXSourcesBuildPhase;
			buildActionMask = 2147483647;
			files = (
				9858ED301D65149C00B28F10 /* CoolNotesTests.swift in Sources */,
			);
			runOnlyForDeploymentPostprocessing = 0;
		};
		9858ED321D65149C00B28F10 /* Sources */ = {
			isa = PBXSourcesBuildPhase;
			buildActionMask = 2147483647;
			files = (
				9858ED3B1D65149C00B28F10 /* CoolNotesUITests.swift in Sources */,
			);
			runOnlyForDeploymentPostprocessing = 0;
		};
/* End PBXSourcesBuildPhase section */

/* Begin PBXTargetDependency section */
		9858ED2D1D65149C00B28F10 /* PBXTargetDependency */ = {
			isa = PBXTargetDependency;
			target = 9858ED161D65149C00B28F10 /* CoolNotes */;
			targetProxy = 9858ED2C1D65149C00B28F10 /* PBXContainerItemProxy */;
		};
		9858ED381D65149C00B28F10 /* PBXTargetDependency */ = {
			isa = PBXTargetDependency;
			target = 9858ED161D65149C00B28F10 /* CoolNotes */;
			targetProxy = 9858ED371D65149C00B28F10 /* PBXContainerItemProxy */;
		};
/* End PBXTargetDependency section */

/* Begin PBXVariantGroup section */
		9858ED1E1D65149C00B28F10 /* Main.storyboard */ = {
			isa = PBXVariantGroup;
			children = (
				9858ED1F1D65149C00B28F10 /* Base */,
			);
			name = Main.storyboard;
			sourceTree = "<group>";
		};
		9858ED231D65149C00B28F10 /* LaunchScreen.storyboard */ = {
			isa = PBXVariantGroup;
			children = (
				9858ED241D65149C00B28F10 /* Base */,
			);
			name = LaunchScreen.storyboard;
			sourceTree = "<group>";
		};
/* End PBXVariantGroup section */

/* Begin XCBuildConfiguration section */
		9858ED3D1D65149C00B28F10 /* Debug */ = {
			isa = XCBuildConfiguration;
			buildSettings = {
				ALWAYS_SEARCH_USER_PATHS = NO;
				CLANG_ANALYZER_NONNULL = YES;
				CLANG_CXX_LANGUAGE_STANDARD = "gnu++0x";
				CLANG_CXX_LIBRARY = "libc++";
				CLANG_ENABLE_MODULES = YES;
				CLANG_ENABLE_OBJC_ARC = YES;
				CLANG_WARN_BOOL_CONVERSION = YES;
				CLANG_WARN_CONSTANT_CONVERSION = YES;
				CLANG_WARN_DIRECT_OBJC_ISA_USAGE = YES_ERROR;
				CLANG_WARN_EMPTY_BODY = YES;
				CLANG_WARN_ENUM_CONVERSION = YES;
				CLANG_WARN_INT_CONVERSION = YES;
				CLANG_WARN_OBJC_ROOT_CLASS = YES_ERROR;
				CLANG_WARN_UNREACHABLE_CODE = YES;
				CLANG_WARN__DUPLICATE_METHOD_MATCH = YES;
				"CODE_SIGN_IDENTITY[sdk=iphoneos*]" = "iPhone Developer";
				COPY_PHASE_STRIP = NO;
				DEBUG_INFORMATION_FORMAT = dwarf;
				ENABLE_STRICT_OBJC_MSGSEND = YES;
				ENABLE_TESTABILITY = YES;
				GCC_C_LANGUAGE_STANDARD = gnu99;
				GCC_DYNAMIC_NO_PIC = NO;
				GCC_NO_COMMON_BLOCKS = YES;
				GCC_OPTIMIZATION_LEVEL = 0;
				GCC_PREPROCESSOR_DEFINITIONS = (
					"DEBUG=1",
					"$(inherited)",
				);
				GCC_WARN_64_TO_32_BIT_CONVERSION = YES;
				GCC_WARN_ABOUT_RETURN_TYPE = YES_ERROR;
				GCC_WARN_UNDECLARED_SELECTOR = YES;
				GCC_WARN_UNINITIALIZED_AUTOS = YES_AGGRESSIVE;
				GCC_WARN_UNUSED_FUNCTION = YES;
				GCC_WARN_UNUSED_VARIABLE = YES;
				IPHONEOS_DEPLOYMENT_TARGET = 9.3;
				MTL_ENABLE_DEBUG_INFO = YES;
				ONLY_ACTIVE_ARCH = YES;
				SDKROOT = iphoneos;
				SWIFT_OPTIMIZATION_LEVEL = "-Onone";
				TARGETED_DEVICE_FAMILY = "1,2";
			};
			name = Debug;
		};
		9858ED3E1D65149C00B28F10 /* Release */ = {
			isa = XCBuildConfiguration;
			buildSettings = {
				ALWAYS_SEARCH_USER_PATHS = NO;
				CLANG_ANALYZER_NONNULL = YES;
				CLANG_CXX_LANGUAGE_STANDARD = "gnu++0x";
				CLANG_CXX_LIBRARY = "libc++";
				CLANG_ENABLE_MODULES = YES;
				CLANG_ENABLE_OBJC_ARC = YES;
				CLANG_WARN_BOOL_CONVERSION = YES;
				CLANG_WARN_CONSTANT_CONVERSION = YES;
				CLANG_WARN_DIRECT_OBJC_ISA_USAGE = YES_ERROR;
				CLANG_WARN_EMPTY_BODY = YES;
				CLANG_WARN_ENUM_CONVERSION = YES;
				CLANG_WARN_INT_CONVERSION = YES;
				CLANG_WARN_OBJC_ROOT_CLASS = YES_ERROR;
				CLANG_WARN_UNREACHABLE_CODE = YES;
				CLANG_WARN__DUPLICATE_METHOD_MATCH = YES;
				"CODE_SIGN_IDENTITY[sdk=iphoneos*]" = "iPhone Developer";
				COPY_PHASE_STRIP = NO;
				DEBUG_INFORMATION_FORMAT = "dwarf-with-dsym";
				ENABLE_NS_ASSERTIONS = NO;
				ENABLE_STRICT_OBJC_MSGSEND = YES;
				GCC_C_LANGUAGE_STANDARD = gnu99;
				GCC_NO_COMMON_BLOCKS = YES;
				GCC_WARN_64_TO_32_BIT_CONVERSION = YES;
				GCC_WARN_ABOUT_RETURN_TYPE = YES_ERROR;
				GCC_WARN_UNDECLARED_SELECTOR = YES;
				GCC_WARN_UNINITIALIZED_AUTOS = YES_AGGRESSIVE;
				GCC_WARN_UNUSED_FUNCTION = YES;
				GCC_WARN_UNUSED_VARIABLE = YES;
				IPHONEOS_DEPLOYMENT_TARGET = 9.3;
				MTL_ENABLE_DEBUG_INFO = NO;
				SDKROOT = iphoneos;
				TARGETED_DEVICE_FAMILY = "1,2";
				VALIDATE_PRODUCT = YES;
			};
			name = Release;
		};
		9858ED401D65149C00B28F10 /* Debug */ = {
			isa = XCBuildConfiguration;
			buildSettings = {
				ASSETCATALOG_COMPILER_APPICON_NAME = AppIcon;
				INFOPLIST_FILE = CoolNotes/Info.plist;
				LD_RUNPATH_SEARCH_PATHS = "$(inherited) @executable_path/Frameworks";
				PRODUCT_BUNDLE_IDENTIFIER = kgerov.CoolNotes;
				PRODUCT_NAME = "$(TARGET_NAME)";
			};
			name = Debug;
		};
		9858ED411D65149C00B28F10 /* Release */ = {
			isa = XCBuildConfiguration;
			buildSettings = {
				ASSETCATALOG_COMPILER_APPICON_NAME = AppIcon;
				INFOPLIST_FILE = CoolNotes/Info.plist;
				LD_RUNPATH_SEARCH_PATHS = "$(inherited) @executable_path/Frameworks";
				PRODUCT_BUNDLE_IDENTIFIER = kgerov.CoolNotes;
				PRODUCT_NAME = "$(TARGET_NAME)";
			};
			name = Release;
		};
		9858ED431D65149C00B28F10 /* Debug */ = {
			isa = XCBuildConfiguration;
			buildSettings = {
				BUNDLE_LOADER = "$(TEST_HOST)";
				INFOPLIST_FILE = CoolNotesTests/Info.plist;
				LD_RUNPATH_SEARCH_PATHS = "$(inherited) @executable_path/Frameworks @loader_path/Frameworks";
				PRODUCT_BUNDLE_IDENTIFIER = kgerov.CoolNotesTests;
				PRODUCT_NAME = "$(TARGET_NAME)";
				TEST_HOST = "$(BUILT_PRODUCTS_DIR)/CoolNotes.app/CoolNotes";
			};
			name = Debug;
		};
		9858ED441D65149C00B28F10 /* Release */ = {
			isa = XCBuildConfiguration;
			buildSettings = {
				BUNDLE_LOADER = "$(TEST_HOST)";
				INFOPLIST_FILE = CoolNotesTests/Info.plist;
				LD_RUNPATH_SEARCH_PATHS = "$(inherited) @executable_path/Frameworks @loader_path/Frameworks";
				PRODUCT_BUNDLE_IDENTIFIER = kgerov.CoolNotesTests;
				PRODUCT_NAME = "$(TARGET_NAME)";
				TEST_HOST = "$(BUILT_PRODUCTS_DIR)/CoolNotes.app/CoolNotes";
			};
			name = Release;
		};
		9858ED461D65149C00B28F10 /* Debug */ = {
			isa = XCBuildConfiguration;
			buildSettings = {
				INFOPLIST_FILE = CoolNotesUITests/Info.plist;
				LD_RUNPATH_SEARCH_PATHS = "$(inherited) @executable_path/Frameworks @loader_path/Frameworks";
				PRODUCT_BUNDLE_IDENTIFIER = kgerov.CoolNotesUITests;
				PRODUCT_NAME = "$(TARGET_NAME)";
				TEST_TARGET_NAME = CoolNotes;
			};
			name = Debug;
		};
		9858ED471D65149C00B28F10 /* Release */ = {
			isa = XCBuildConfiguration;
			buildSettings = {
				INFOPLIST_FILE = CoolNotesUITests/Info.plist;
				LD_RUNPATH_SEARCH_PATHS = "$(inherited) @executable_path/Frameworks @loader_path/Frameworks";
				PRODUCT_BUNDLE_IDENTIFIER = kgerov.CoolNotesUITests;
				PRODUCT_NAME = "$(TARGET_NAME)";
				TEST_TARGET_NAME = CoolNotes;
			};
			name = Release;
		};
/* End XCBuildConfiguration section */

/* Begin XCConfigurationList section */
		9858ED121D65149C00B28F10 /* Build configuration list for PBXProject "CoolNotes" */ = {
			isa = XCConfigurationList;
			buildConfigurations = (
				9858ED3D1D65149C00B28F10 /* Debug */,
				9858ED3E1D65149C00B28F10 /* Release */,
			);
			defaultConfigurationIsVisible = 0;
			defaultConfigurationName = Release;
		};
		9858ED3F1D65149C00B28F10 /* Build configuration list for PBXNativeTarget "CoolNotes" */ = {
			isa = XCConfigurationList;
			buildConfigurations = (
				9858ED401D65149C00B28F10 /* Debug */,
				9858ED411D65149C00B28F10 /* Release */,
			);
			defaultConfigurationIsVisible = 0;
		};
		9858ED421D65149C00B28F10 /* Build configuration list for PBXNativeTarget "CoolNotesTests" */ = {
			isa = XCConfigurationList;
			buildConfigurations = (
				9858ED431D65149C00B28F10 /* Debug */,
				9858ED441D65149C00B28F10 /* Release */,
			);
			defaultConfigurationIsVisible = 0;
		};
		9858ED451D65149C00B28F10 /* Build configuration list for PBXNativeTarget "CoolNotesUITests" */ = {
			isa = XCConfigurationList;
			buildConfigurations = (
				9858ED461D65149C00B28F10 /* Debug */,
				9858ED471D65149C00B28F10 /* Release */,
			);
			defaultConfigurationIsVisible = 0;
		};
/* End XCConfigurationList section */

/* Begin XCVersionGroup section */
		9858ED481D65150700B28F10 /* Model.xcdatamodeld */ = {
			isa = XCVersionGroup;
			children = (
				9858ED491D65150700B28F10 /* Model.xcdatamodel */,
			);
			currentVersion = 9858ED491D65150700B28F10 /* Model.xcdatamodel */;
			path = Model.xcdatamodeld;
			sourceTree = "<group>";
			versionGroupType = wrapper.xcdatamodel;
		};
/* End XCVersionGroup section */
	};
	rootObject = 9858ED0F1D65149C00B28F10 /* Project object */;
}
